// !$*UTF8*$!
{
	archiveVersion = 1;
	classes = {
	};
	objectVersion = 46;
	objects = {

/* Begin PBXBuildFile section */
		9915F4E71A1B0E15008A0354 /* ColorBlockView.m in Sources */ = {isa = PBXBuildFile; fileRef = 9915F4E61A1B0E15008A0354 /* ColorBlockView.m */; };
		996600451A1AEBFB00A52F0C /* AudioToolbox.framework in Frameworks */ = {isa = PBXBuildFile; fileRef = 996600441A1AEBFB00A52F0C /* AudioToolbox.framework */; };
		996600471A1AEC1800A52F0C /* AVFoundation.framework in Frameworks */ = {isa = PBXBuildFile; fileRef = 996600461A1AEC1800A52F0C /* AVFoundation.framework */; };
		996600491A1AEC2300A52F0C /* UIKit.framework in Frameworks */ = {isa = PBXBuildFile; fileRef = 996600481A1AEC2300A52F0C /* UIKit.framework */; };
		9966004B1A1AEC3300A52F0C /* Foundation.framework in Frameworks */ = {isa = PBXBuildFile; fileRef = 9966004A1A1AEC3300A52F0C /* Foundation.framework */; };
		99885C551A1A921A0043D837 /* main.m in Sources */ = {isa = PBXBuildFile; fileRef = 99885C541A1A921A0043D837 /* main.m */; };
		99885C581A1A921A0043D837 /* AppDelegate.m in Sources */ = {isa = PBXBuildFile; fileRef = 99885C571A1A921A0043D837 /* AppDelegate.m */; };
		99885C5B1A1A921A0043D837 /* MainViewController.m in Sources */ = {isa = PBXBuildFile; fileRef = 99885C5A1A1A921A0043D837 /* MainViewController.m */; };
		99885C5E1A1A921A0043D837 /* Main.storyboard in Resources */ = {isa = PBXBuildFile; fileRef = 99885C5C1A1A921A0043D837 /* Main.storyboard */; };
		99885C601A1A921A0043D837 /* Images.xcassets in Resources */ = {isa = PBXBuildFile; fileRef = 99885C5F1A1A921A0043D837 /* Images.xcassets */; };
		99885C631A1A921A0043D837 /* LaunchScreen.xib in Resources */ = {isa = PBXBuildFile; fileRef = 99885C611A1A921A0043D837 /* LaunchScreen.xib */; };
		99885C6F1A1A921A0043D837 /* ReadInRainbowTests.m in Sources */ = {isa = PBXBuildFile; fileRef = 99885C6E1A1A921A0043D837 /* ReadInRainbowTests.m */; };
		99885C7D1A1AA95F0043D837 /* ChartCell.m in Sources */ = {isa = PBXBuildFile; fileRef = 99885C7C1A1AA95F0043D837 /* ChartCell.m */; };
		99885C801A1AA9690043D837 /* GameCell.m in Sources */ = {isa = PBXBuildFile; fileRef = 99885C7F1A1AA9690043D837 /* GameCell.m */; };
		99D594831A1C0D87001CFBED /* Game1ViewController.m in Sources */ = {isa = PBXBuildFile; fileRef = 99D594821A1C0D87001CFBED /* Game1ViewController.m */; };
		99F46EDB1A1D251500379256 /* Game3Storyboard.storyboard in Resources */ = {isa = PBXBuildFile; fileRef = 99F46EDA1A1D251500379256 /* Game3Storyboard.storyboard */; };
		99F46EDE1A1D253300379256 /* Game3ViewController.m in Sources */ = {isa = PBXBuildFile; fileRef = 99F46EDD1A1D253300379256 /* Game3ViewController.m */; };
		99F46EE41A1D3E3000379256 /* UIButton+setTag.m in Sources */ = {isa = PBXBuildFile; fileRef = 99F46EE31A1D3E3000379256 /* UIButton+setTag.m */; };
		99F46EE81A1D544600379256 /* WordLibrary.m in Sources */ = {isa = PBXBuildFile; fileRef = 99F46EE71A1D544600379256 /* WordLibrary.m */; };
		99F46EEB1A1D5ED100379256 /* WordViewController.m in Sources */ = {isa = PBXBuildFile; fileRef = 99F46EEA1A1D5ED100379256 /* WordViewController.m */; };
		99F46EED1A1D5F2500379256 /* WordStoryboard.storyboard in Resources */ = {isa = PBXBuildFile; fileRef = 99F46EEC1A1D5F2500379256 /* WordStoryboard.storyboard */; };
		99F46EEE1A1D64E300379256 /* longo.caf in Resources */ = {isa = PBXBuildFile; fileRef = CAD608F11A1BD57100D2E16C /* longo.caf */; };
		99F46EEF1A1D64E800379256 /* ah.caf in Resources */ = {isa = PBXBuildFile; fileRef = CAD608DC1A1BD57100D2E16C /* ah.caf */; };
		99F46EF01A1D64F900379256 /* ahh.caf in Resources */ = {isa = PBXBuildFile; fileRef = CAD608DD1A1BD57100D2E16C /* ahh.caf */; };
		99F46EF11A1D64FE00379256 /* ar.caf in Resources */ = {isa = PBXBuildFile; fileRef = CAD608DE1A1BD57100D2E16C /* ar.caf */; };
		99F46EF21A1D650100379256 /* au.caf in Resources */ = {isa = PBXBuildFile; fileRef = CAD608DF1A1BD57100D2E16C /* au.caf */; };
		99F46EF31A1D650400379256 /* b.caf in Resources */ = {isa = PBXBuildFile; fileRef = CAD608E01A1BD57100D2E16C /* b.caf */; };
		99F46EF41A1D650700379256 /* ch.caf in Resources */ = {isa = PBXBuildFile; fileRef = CAD608E11A1BD57100D2E16C /* ch.caf */; };
		99F46EF51A1D650900379256 /* d.caf in Resources */ = {isa = PBXBuildFile; fileRef = CAD608E21A1BD57100D2E16C /* d.caf */; };
		99F46EF61A1D650C00379256 /* eh.caf in Resources */ = {isa = PBXBuildFile; fileRef = CAD608E31A1BD57100D2E16C /* eh.caf */; };
		99F46EF71A1D650E00379256 /* el.caf in Resources */ = {isa = PBXBuildFile; fileRef = CAD608E41A1BD57100D2E16C /* el.caf */; };
		99F46EF81A1D651200379256 /* er.caf in Resources */ = {isa = PBXBuildFile; fileRef = CAD608E51A1BD57100D2E16C /* er.caf */; };
		99F46EF91A1D651500379256 /* euh.caf in Resources */ = {isa = PBXBuildFile; fileRef = CAD608E61A1BD57100D2E16C /* euh.caf */; };
		99F46EFA1A1D651800379256 /* f.caf in Resources */ = {isa = PBXBuildFile; fileRef = CAD608E71A1BD57100D2E16C /* f.caf */; };
		99F46EFB1A1D651A00379256 /* g.caf in Resources */ = {isa = PBXBuildFile; fileRef = CAD608E81A1BD57100D2E16C /* g.caf */; };
		99F46EFC1A1D652000379256 /* longa.caf in Resources */ = {isa = PBXBuildFile; fileRef = CA60EFFB1A1BE132001DC1D2 /* longa.caf */; };
		99F46EFD1A1D654700379256 /* h.caf in Resources */ = {isa = PBXBuildFile; fileRef = CAD608E91A1BD57100D2E16C /* h.caf */; };
		99F46EFE1A1D654900379256 /* ih.caf in Resources */ = {isa = PBXBuildFile; fileRef = CAD608EA1A1BD57100D2E16C /* ih.caf */; };
		99F46EFF1A1D654B00379256 /* ir.caf in Resources */ = {isa = PBXBuildFile; fileRef = CAD608EB1A1BD57100D2E16C /* ir.caf */; };
		99F46F001A1D654F00379256 /* je.caf in Resources */ = {isa = PBXBuildFile; fileRef = CAD608EC1A1BD57100D2E16C /* je.caf */; };
		99F46F011A1D655100379256 /* k.caf in Resources */ = {isa = PBXBuildFile; fileRef = CAD608ED1A1BD57100D2E16C /* k.caf */; };
		99F46F021A1D655500379256 /* longe.caf in Resources */ = {isa = PBXBuildFile; fileRef = CAD608EF1A1BD57100D2E16C /* longe.caf */; };
		99F46F031A1D655800379256 /* longi.caf in Resources */ = {isa = PBXBuildFile; fileRef = CAD608F01A1BD57100D2E16C /* longi.caf */; };
		99F46F041A1D655B00379256 /* m.caf in Resources */ = {isa = PBXBuildFile; fileRef = CAD608F21A1BD57100D2E16C /* m.caf */; };
		99F46F051A1D655D00379256 /* n.caf in Resources */ = {isa = PBXBuildFile; fileRef = CAD608F31A1BD57100D2E16C /* n.caf */; };
		99F46F061A1D655F00379256 /* ng.caf in Resources */ = {isa = PBXBuildFile; fileRef = CAD608F41A1BD57100D2E16C /* ng.caf */; };
		99F46F071A1D656100379256 /* oo.caf in Resources */ = {isa = PBXBuildFile; fileRef = CAD608F51A1BD57100D2E16C /* oo.caf */; };
		99F46F081A1D656300379256 /* or.caf in Resources */ = {isa = PBXBuildFile; fileRef = CAD608F61A1BD57100D2E16C /* or.caf */; };
		99F46F091A1D656500379256 /* our.caf in Resources */ = {isa = PBXBuildFile; fileRef = CAD608F71A1BD57100D2E16C /* our.caf */; };
		99F46F0A1A1D656700379256 /* oy.caf in Resources */ = {isa = PBXBuildFile; fileRef = CAD608F81A1BD57100D2E16C /* oy.caf */; };
		99F46F0B1A1D656900379256 /* p.caf in Resources */ = {isa = PBXBuildFile; fileRef = CAD608F91A1BD57100D2E16C /* p.caf */; };
		99F46F0C1A1D656D00379256 /* r.caf in Resources */ = {isa = PBXBuildFile; fileRef = CAD608FA1A1BD57100D2E16C /* r.caf */; };
		99F46F0D1A1D656F00379256 /* s.caf in Resources */ = {isa = PBXBuildFile; fileRef = CAD608FB1A1BD57100D2E16C /* s.caf */; };
		99F46F0E1A1D657200379256 /* schwa.caf in Resources */ = {isa = PBXBuildFile; fileRef = CAD608FC1A1BD57100D2E16C /* schwa.caf */; };
		99F46F0F1A1D657400379256 /* schwar.caf in Resources */ = {isa = PBXBuildFile; fileRef = CAD608FD1A1BD57100D2E16C /* schwar.caf */; };
		99F46F101A1D657600379256 /* sh.caf in Resources */ = {isa = PBXBuildFile; fileRef = CAD608FE1A1BD57100D2E16C /* sh.caf */; };
		99F46F111A1D657A00379256 /* t.caf in Resources */ = {isa = PBXBuildFile; fileRef = CAD608FF1A1BD57100D2E16C /* t.caf */; };
		99F46F121A1D657C00379256 /* th.caf in Resources */ = {isa = PBXBuildFile; fileRef = CAD609001A1BD57100D2E16C /* th.caf */; };
		99F46F131A1D657F00379256 /* th1.caf in Resources */ = {isa = PBXBuildFile; fileRef = CAD609011A1BD57100D2E16C /* th1.caf */; };
		99F46F141A1D658100379256 /* thth.caf in Resources */ = {isa = PBXBuildFile; fileRef = CAD609021A1BD57100D2E16C /* thth.caf */; };
		99F46F151A1D658300379256 /* uh.caf in Resources */ = {isa = PBXBuildFile; fileRef = CAD609031A1BD57100D2E16C /* uh.caf */; };
		99F46F161A1D658500379256 /* ur.caf in Resources */ = {isa = PBXBuildFile; fileRef = CAD609041A1BD57100D2E16C /* ur.caf */; };
		99F46F171A1D658700379256 /* v.caf in Resources */ = {isa = PBXBuildFile; fileRef = CAD609051A1BD57100D2E16C /* v.caf */; };
		99F46F181A1D658900379256 /* w.caf in Resources */ = {isa = PBXBuildFile; fileRef = CAD609061A1BD57100D2E16C /* w.caf */; };
		99F46F191A1D658B00379256 /* weaki.caf in Resources */ = {isa = PBXBuildFile; fileRef = CAD609071A1BD57100D2E16C /* weaki.caf */; };
		99F46F1A1A1D658D00379256 /* weaku.caf in Resources */ = {isa = PBXBuildFile; fileRef = CAD609081A1BD57100D2E16C /* weaku.caf */; };
		99F46F1B1A1D658F00379256 /* yod.caf in Resources */ = {isa = PBXBuildFile; fileRef = CAD609091A1BD57100D2E16C /* yod.caf */; };
		99F46F1C1A1D659100379256 /* z.caf in Resources */ = {isa = PBXBuildFile; fileRef = CAD6090A1A1BD57100D2E16C /* z.caf */; };
		99F46F1D1A1D659300379256 /* zh.caf in Resources */ = {isa = PBXBuildFile; fileRef = CAD6090B1A1BD57100D2E16C /* zh.caf */; };
		99F46F1F1A1D6A8700379256 /* Word.plist in Resources */ = {isa = PBXBuildFile; fileRef = 99F46F1E1A1D6A8700379256 /* Word.plist */; };
		99F46F2E1A1D90E200379256 /* book.caf in Resources */ = {isa = PBXBuildFile; fileRef = 99F46F211A1D8D6100379256 /* book.caf */; };
		99F46F2F1A1D90E400379256 /* choice.caf in Resources */ = {isa = PBXBuildFile; fileRef = 99F46F221A1D8D6100379256 /* choice.caf */; };
		99F46F301A1D90E600379256 /* cough.caf in Resources */ = {isa = PBXBuildFile; fileRef = 99F46F231A1D8D6100379256 /* cough.caf */; };
		99F46F311A1D90E900379256 /* day.caf in Resources */ = {isa = PBXBuildFile; fileRef = 99F46F241A1D8D6100379256 /* day.caf */; };
		99F46F321A1D90EB00379256 /* demo.caf in Resources */ = {isa = PBXBuildFile; fileRef = 99F46F251A1D8D6100379256 /* demo.caf */; };
		99F46F331A1D90ED00379256 /* egg.caf in Resources */ = {isa = PBXBuildFile; fileRef = 99F46F261A1D8D6100379256 /* egg.caf */; };
		99F46F341A1D90EF00379256 /* father.caf in Resources */ = {isa = PBXBuildFile; fileRef = 99F46F271A1D8D6100379256 /* father.caf */; };
		99F46F351A1D90F100379256 /* labs.caf in Resources */ = {isa = PBXBuildFile; fileRef = 99F46F281A1D8D6100379256 /* labs.caf */; };
		99F46F361A1D90F300379256 /* lighthouse.caf in Resources */ = {isa = PBXBuildFile; fileRef = 99F46F291A1D8D6100379256 /* lighthouse.caf */; };
		99F46F371A1D90F500379256 /* north.caf in Resources */ = {isa = PBXBuildFile; fileRef = 99F46F2A1A1D8D6100379256 /* north.caf */; };
		99F46F381A1D90F700379256 /* shoe.caf in Resources */ = {isa = PBXBuildFile; fileRef = 99F46F2B1A1D8D6100379256 /* shoe.caf */; };
		99F46F391A1D90F900379256 /* team.caf in Resources */ = {isa = PBXBuildFile; fileRef = 99F46F2C1A1D8D6100379256 /* team.caf */; };
		99F46F3A1A1D90FB00379256 /* zipper.caf in Resources */ = {isa = PBXBuildFile; fileRef = 99F46F2D1A1D8D6100379256 /* zipper.caf */; };
		99F46F401A1E927800379256 /* DragGameViewController.m in Sources */ = {isa = PBXBuildFile; fileRef = 99F46F3F1A1E927800379256 /* DragGameViewController.m */; };
		99F46F421A1E928800379256 /* DragGameStoryboard.storyboard in Resources */ = {isa = PBXBuildFile; fileRef = 99F46F411A1E928800379256 /* DragGameStoryboard.storyboard */; };
		99F46F451A1EA5D700379256 /* Util.m in Sources */ = {isa = PBXBuildFile; fileRef = 99F46F441A1EA5D700379256 /* Util.m */; };
		CA60EFFD1A1D21CB001DC1D2 /* Game2Storyboard.storyboard in Resources */ = {isa = PBXBuildFile; fileRef = CA60EFFC1A1D21CB001DC1D2 /* Game2Storyboard.storyboard */; };
		CA60F0001A1D21F9001DC1D2 /* Game2ViewController.m in Sources */ = {isa = PBXBuildFile; fileRef = CA60EFFF1A1D21F9001DC1D2 /* Game2ViewController.m */; };
		CA60F0411A1FEFC0001DC1D2 /* HangmanStoryboard.storyboard in Resources */ = {isa = PBXBuildFile; fileRef = CA60F0401A1FEFC0001DC1D2 /* HangmanStoryboard.storyboard */; };
		CA60F0441A1FEFCD001DC1D2 /* HangManViewController.m in Sources */ = {isa = PBXBuildFile; fileRef = CA60F0431A1FEFCD001DC1D2 /* HangManViewController.m */; };
		CAE9A5B71A1AD32400898AC3 /* Sound.m in Sources */ = {isa = PBXBuildFile; fileRef = CAE9A5B41A1AD32400898AC3 /* Sound.m */; };
		CAE9A5B81A1AD32400898AC3 /* SoundLibrary.m in Sources */ = {isa = PBXBuildFile; fileRef = CAE9A5B61A1AD32400898AC3 /* SoundLibrary.m */; };
		CAE9A5BD1A1AD34400898AC3 /* Phoneme.m in Sources */ = {isa = PBXBuildFile; fileRef = CAE9A5BA1A1AD34400898AC3 /* Phoneme.m */; };
		CAE9A5BE1A1AD34400898AC3 /* Word.m in Sources */ = {isa = PBXBuildFile; fileRef = CAE9A5BC1A1AD34400898AC3 /* Word.m */; };
/* End PBXBuildFile section */

/* Begin PBXContainerItemProxy section */
		99885C691A1A921A0043D837 /* PBXContainerItemProxy */ = {
			isa = PBXContainerItemProxy;
			containerPortal = 99885C471A1A921A0043D837 /* Project object */;
			proxyType = 1;
			remoteGlobalIDString = 99885C4E1A1A921A0043D837;
			remoteInfo = ReadInRainbow;
		};
/* End PBXContainerItemProxy section */

/* Begin PBXFileReference section */
		9915F4E51A1B0E15008A0354 /* ColorBlockView.h */ = {isa = PBXFileReference; fileEncoding = 4; lastKnownFileType = sourcecode.c.h; name = ColorBlockView.h; path = ../ColorBlockView.h; sourceTree = "<group>"; };
		9915F4E61A1B0E15008A0354 /* ColorBlockView.m */ = {isa = PBXFileReference; fileEncoding = 4; lastKnownFileType = sourcecode.c.objc; name = ColorBlockView.m; path = ../ColorBlockView.m; sourceTree = "<group>"; };
		996600441A1AEBFB00A52F0C /* AudioToolbox.framework */ = {isa = PBXFileReference; lastKnownFileType = wrapper.framework; name = AudioToolbox.framework; path = System/Library/Frameworks/AudioToolbox.framework; sourceTree = SDKROOT; };
		996600461A1AEC1800A52F0C /* AVFoundation.framework */ = {isa = PBXFileReference; lastKnownFileType = wrapper.framework; name = AVFoundation.framework; path = System/Library/Frameworks/AVFoundation.framework; sourceTree = SDKROOT; };
		996600481A1AEC2300A52F0C /* UIKit.framework */ = {isa = PBXFileReference; lastKnownFileType = wrapper.framework; name = UIKit.framework; path = System/Library/Frameworks/UIKit.framework; sourceTree = SDKROOT; };
		9966004A1A1AEC3300A52F0C /* Foundation.framework */ = {isa = PBXFileReference; lastKnownFileType = wrapper.framework; name = Foundation.framework; path = System/Library/Frameworks/Foundation.framework; sourceTree = SDKROOT; };
		99885C4F1A1A921A0043D837 /* ReadInRainbow.app */ = {isa = PBXFileReference; explicitFileType = wrapper.application; includeInIndex = 0; path = ReadInRainbow.app; sourceTree = BUILT_PRODUCTS_DIR; };
		99885C531A1A921A0043D837 /* Info.plist */ = {isa = PBXFileReference; lastKnownFileType = text.plist.xml; path = Info.plist; sourceTree = "<group>"; };
		99885C541A1A921A0043D837 /* main.m */ = {isa = PBXFileReference; lastKnownFileType = sourcecode.c.objc; path = main.m; sourceTree = "<group>"; };
		99885C561A1A921A0043D837 /* AppDelegate.h */ = {isa = PBXFileReference; lastKnownFileType = sourcecode.c.h; path = AppDelegate.h; sourceTree = "<group>"; };
		99885C571A1A921A0043D837 /* AppDelegate.m */ = {isa = PBXFileReference; lastKnownFileType = sourcecode.c.objc; path = AppDelegate.m; sourceTree = "<group>"; };
		99885C591A1A921A0043D837 /* MainViewController.h */ = {isa = PBXFileReference; lastKnownFileType = sourcecode.c.h; path = MainViewController.h; sourceTree = "<group>"; };
		99885C5A1A1A921A0043D837 /* MainViewController.m */ = {isa = PBXFileReference; lastKnownFileType = sourcecode.c.objc; path = MainViewController.m; sourceTree = "<group>"; };
		99885C5D1A1A921A0043D837 /* Base */ = {isa = PBXFileReference; lastKnownFileType = file.storyboard; name = Base; path = Base.lproj/Main.storyboard; sourceTree = "<group>"; };
		99885C5F1A1A921A0043D837 /* Images.xcassets */ = {isa = PBXFileReference; lastKnownFileType = folder.assetcatalog; path = Images.xcassets; sourceTree = "<group>"; };
		99885C621A1A921A0043D837 /* Base */ = {isa = PBXFileReference; lastKnownFileType = file.xib; name = Base; path = Base.lproj/LaunchScreen.xib; sourceTree = "<group>"; };
		99885C681A1A921A0043D837 /* ReadInRainbowTests.xctest */ = {isa = PBXFileReference; explicitFileType = wrapper.cfbundle; includeInIndex = 0; path = ReadInRainbowTests.xctest; sourceTree = BUILT_PRODUCTS_DIR; };
		99885C6D1A1A921A0043D837 /* Info.plist */ = {isa = PBXFileReference; lastKnownFileType = text.plist.xml; path = Info.plist; sourceTree = "<group>"; };
		99885C6E1A1A921A0043D837 /* ReadInRainbowTests.m */ = {isa = PBXFileReference; lastKnownFileType = sourcecode.c.objc; path = ReadInRainbowTests.m; sourceTree = "<group>"; };
		99885C7B1A1AA95F0043D837 /* ChartCell.h */ = {isa = PBXFileReference; fileEncoding = 4; lastKnownFileType = sourcecode.c.h; name = ChartCell.h; path = ../ChartCell.h; sourceTree = "<group>"; };
		99885C7C1A1AA95F0043D837 /* ChartCell.m */ = {isa = PBXFileReference; fileEncoding = 4; lastKnownFileType = sourcecode.c.objc; name = ChartCell.m; path = ../ChartCell.m; sourceTree = "<group>"; };
		99885C7E1A1AA9690043D837 /* GameCell.h */ = {isa = PBXFileReference; fileEncoding = 4; lastKnownFileType = sourcecode.c.h; name = GameCell.h; path = ../GameCell.h; sourceTree = "<group>"; };
		99885C7F1A1AA9690043D837 /* GameCell.m */ = {isa = PBXFileReference; fileEncoding = 4; lastKnownFileType = sourcecode.c.objc; name = GameCell.m; path = ../GameCell.m; sourceTree = "<group>"; };
		99D594811A1C0D87001CFBED /* Game1ViewController.h */ = {isa = PBXFileReference; fileEncoding = 4; lastKnownFileType = sourcecode.c.h; name = Game1ViewController.h; path = ../Game1ViewController.h; sourceTree = "<group>"; };
		99D594821A1C0D87001CFBED /* Game1ViewController.m */ = {isa = PBXFileReference; fileEncoding = 4; lastKnownFileType = sourcecode.c.objc; name = Game1ViewController.m; path = ../Game1ViewController.m; sourceTree = "<group>"; };
		99F46EDA1A1D251500379256 /* Game3Storyboard.storyboard */ = {isa = PBXFileReference; fileEncoding = 4; lastKnownFileType = file.storyboard; path = Game3Storyboard.storyboard; sourceTree = "<group>"; };
		99F46EDC1A1D253300379256 /* Game3ViewController.h */ = {isa = PBXFileReference; fileEncoding = 4; lastKnownFileType = sourcecode.c.h; name = Game3ViewController.h; path = ../Game3ViewController.h; sourceTree = "<group>"; };
		99F46EDD1A1D253300379256 /* Game3ViewController.m */ = {isa = PBXFileReference; fileEncoding = 4; lastKnownFileType = sourcecode.c.objc; name = Game3ViewController.m; path = ../Game3ViewController.m; sourceTree = "<group>"; };
		99F46EE21A1D3E3000379256 /* UIButton+setTag.h */ = {isa = PBXFileReference; fileEncoding = 4; lastKnownFileType = sourcecode.c.h; name = "UIButton+setTag.h"; path = "../UIButton+setTag.h"; sourceTree = "<group>"; };
		99F46EE31A1D3E3000379256 /* UIButton+setTag.m */ = {isa = PBXFileReference; fileEncoding = 4; lastKnownFileType = sourcecode.c.objc; name = "UIButton+setTag.m"; path = "../UIButton+setTag.m"; sourceTree = "<group>"; };
		99F46EE61A1D544600379256 /* WordLibrary.h */ = {isa = PBXFileReference; fileEncoding = 4; lastKnownFileType = sourcecode.c.h; name = WordLibrary.h; path = ../WordLibrary.h; sourceTree = "<group>"; };
		99F46EE71A1D544600379256 /* WordLibrary.m */ = {isa = PBXFileReference; fileEncoding = 4; lastKnownFileType = sourcecode.c.objc; name = WordLibrary.m; path = ../WordLibrary.m; sourceTree = "<group>"; };
		99F46EE91A1D5ED100379256 /* WordViewController.h */ = {isa = PBXFileReference; fileEncoding = 4; lastKnownFileType = sourcecode.c.h; name = WordViewController.h; path = ../WordViewController.h; sourceTree = "<group>"; };
		99F46EEA1A1D5ED100379256 /* WordViewController.m */ = {isa = PBXFileReference; fileEncoding = 4; lastKnownFileType = sourcecode.c.objc; name = WordViewController.m; path = ../WordViewController.m; sourceTree = "<group>"; };
		99F46EEC1A1D5F2500379256 /* WordStoryboard.storyboard */ = {isa = PBXFileReference; fileEncoding = 4; lastKnownFileType = file.storyboard; name = WordStoryboard.storyboard; path = ../WordStoryboard.storyboard; sourceTree = "<group>"; };
		99F46F1E1A1D6A8700379256 /* Word.plist */ = {isa = PBXFileReference; fileEncoding = 4; lastKnownFileType = text.plist.xml; path = Word.plist; sourceTree = "<group>"; };
		99F46F211A1D8D6100379256 /* book.caf */ = {isa = PBXFileReference; lastKnownFileType = file; path = book.caf; sourceTree = "<group>"; };
		99F46F221A1D8D6100379256 /* choice.caf */ = {isa = PBXFileReference; lastKnownFileType = file; path = choice.caf; sourceTree = "<group>"; };
		99F46F231A1D8D6100379256 /* cough.caf */ = {isa = PBXFileReference; lastKnownFileType = file; path = cough.caf; sourceTree = "<group>"; };
		99F46F241A1D8D6100379256 /* day.caf */ = {isa = PBXFileReference; lastKnownFileType = file; path = day.caf; sourceTree = "<group>"; };
		99F46F251A1D8D6100379256 /* demo.caf */ = {isa = PBXFileReference; lastKnownFileType = file; path = demo.caf; sourceTree = "<group>"; };
		99F46F261A1D8D6100379256 /* egg.caf */ = {isa = PBXFileReference; lastKnownFileType = file; path = egg.caf; sourceTree = "<group>"; };
		99F46F271A1D8D6100379256 /* father.caf */ = {isa = PBXFileReference; lastKnownFileType = file; path = father.caf; sourceTree = "<group>"; };
		99F46F281A1D8D6100379256 /* labs.caf */ = {isa = PBXFileReference; lastKnownFileType = file; path = labs.caf; sourceTree = "<group>"; };
		99F46F291A1D8D6100379256 /* lighthouse.caf */ = {isa = PBXFileReference; lastKnownFileType = file; path = lighthouse.caf; sourceTree = "<group>"; };
		99F46F2A1A1D8D6100379256 /* north.caf */ = {isa = PBXFileReference; lastKnownFileType = file; path = north.caf; sourceTree = "<group>"; };
		99F46F2B1A1D8D6100379256 /* shoe.caf */ = {isa = PBXFileReference; lastKnownFileType = file; path = shoe.caf; sourceTree = "<group>"; };
		99F46F2C1A1D8D6100379256 /* team.caf */ = {isa = PBXFileReference; lastKnownFileType = file; path = team.caf; sourceTree = "<group>"; };
		99F46F2D1A1D8D6100379256 /* zipper.caf */ = {isa = PBXFileReference; lastKnownFileType = file; path = zipper.caf; sourceTree = "<group>"; };
		99F46F3E1A1E927800379256 /* DragGameViewController.h */ = {isa = PBXFileReference; fileEncoding = 4; lastKnownFileType = sourcecode.c.h; name = DragGameViewController.h; path = ../DragGameViewController.h; sourceTree = "<group>"; };
		99F46F3F1A1E927800379256 /* DragGameViewController.m */ = {isa = PBXFileReference; fileEncoding = 4; lastKnownFileType = sourcecode.c.objc; name = DragGameViewController.m; path = ../DragGameViewController.m; sourceTree = "<group>"; };
		99F46F411A1E928800379256 /* DragGameStoryboard.storyboard */ = {isa = PBXFileReference; fileEncoding = 4; lastKnownFileType = file.storyboard; name = DragGameStoryboard.storyboard; path = ../DragGameStoryboard.storyboard; sourceTree = "<group>"; };
		99F46F431A1EA5D700379256 /* Util.h */ = {isa = PBXFileReference; fileEncoding = 4; lastKnownFileType = sourcecode.c.h; name = Util.h; path = ../Util.h; sourceTree = "<group>"; };
		99F46F441A1EA5D700379256 /* Util.m */ = {isa = PBXFileReference; fileEncoding = 4; lastKnownFileType = sourcecode.c.objc; name = Util.m; path = ../Util.m; sourceTree = "<group>"; };
		99F46F4A1A1FE40B00379256 /* bus.caf */ = {isa = PBXFileReference; lastKnownFileType = file; path = bus.caf; sourceTree = "<group>"; };
		99F46F4B1A1FE40B00379256 /* comma.caf */ = {isa = PBXFileReference; lastKnownFileType = file; path = comma.caf; sourceTree = "<group>"; };
		99F46F4C1A1FE40B00379256 /* happy.caf */ = {isa = PBXFileReference; lastKnownFileType = file; path = happy.caf; sourceTree = "<group>"; };
		99F46F4D1A1FE40B00379256 /* influence.caf */ = {isa = PBXFileReference; lastKnownFileType = file; path = influence.caf; sourceTree = "<group>"; };
		99F46F4E1A1FE40B00379256 /* merry.caf */ = {isa = PBXFileReference; lastKnownFileType = file; path = merry.caf; sourceTree = "<group>"; };
		99F46F4F1A1FE40B00379256 /* mirror.caf */ = {isa = PBXFileReference; lastKnownFileType = file; path = mirror.caf; sourceTree = "<group>"; };
		99F46F501A1FE40B00379256 /* mouse.caf */ = {isa = PBXFileReference; lastKnownFileType = file; path = mouse.caf; sourceTree = "<group>"; };
		99F46F511A1FE40B00379256 /* nurse.caf */ = {isa = PBXFileReference; lastKnownFileType = file; path = nurse.caf; sourceTree = "<group>"; };
		99F46F521A1FE40B00379256 /* page.caf */ = {isa = PBXFileReference; lastKnownFileType = file; path = page.caf; sourceTree = "<group>"; };
		99F46F531A1FE40B00379256 /* price.caf */ = {isa = PBXFileReference; lastKnownFileType = file; path = price.caf; sourceTree = "<group>"; };
		99F46F541A1FE40B00379256 /* sing.caf */ = {isa = PBXFileReference; lastKnownFileType = file; path = sing.caf; sourceTree = "<group>"; };
		99F46F551A1FE40B00379256 /* star.caf */ = {isa = PBXFileReference; lastKnownFileType = file; path = star.caf; sourceTree = "<group>"; };
		99F46F561A1FE40B00379256 /* tour.caf */ = {isa = PBXFileReference; lastKnownFileType = file; path = tour.caf; sourceTree = "<group>"; };
		99F46F571A1FE40B00379256 /* vision.caf */ = {isa = PBXFileReference; lastKnownFileType = file; path = vision.caf; sourceTree = "<group>"; };
		99F46F581A1FE40B00379256 /* water.caf */ = {isa = PBXFileReference; lastKnownFileType = file; path = water.caf; sourceTree = "<group>"; };
		99F46F591A1FE40B00379256 /* you.caf */ = {isa = PBXFileReference; lastKnownFileType = file; path = you.caf; sourceTree = "<group>"; };
		CA60EFFB1A1BE132001DC1D2 /* longa.caf */ = {isa = PBXFileReference; lastKnownFileType = file; path = longa.caf; sourceTree = "<group>"; };
		CA60EFFC1A1D21CB001DC1D2 /* Game2Storyboard.storyboard */ = {isa = PBXFileReference; fileEncoding = 4; lastKnownFileType = file.storyboard; path = Game2Storyboard.storyboard; sourceTree = "<group>"; };
		CA60EFFE1A1D21F9001DC1D2 /* Game2ViewController.h */ = {isa = PBXFileReference; fileEncoding = 4; lastKnownFileType = sourcecode.c.h; path = Game2ViewController.h; sourceTree = "<group>"; };
		CA60EFFF1A1D21F9001DC1D2 /* Game2ViewController.m */ = {isa = PBXFileReference; fileEncoding = 4; lastKnownFileType = sourcecode.c.objc; path = Game2ViewController.m; sourceTree = "<group>"; };
		CA60F0401A1FEFC0001DC1D2 /* HangmanStoryboard.storyboard */ = {isa = PBXFileReference; fileEncoding = 4; lastKnownFileType = file.storyboard; path = HangmanStoryboard.storyboard; sourceTree = "<group>"; };
		CA60F0421A1FEFCD001DC1D2 /* HangManViewController.h */ = {isa = PBXFileReference; fileEncoding = 4; lastKnownFileType = sourcecode.c.h; path = HangManViewController.h; sourceTree = "<group>"; };
		CA60F0431A1FEFCD001DC1D2 /* HangManViewController.m */ = {isa = PBXFileReference; fileEncoding = 4; lastKnownFileType = sourcecode.c.objc; path = HangManViewController.m; sourceTree = "<group>"; };
		CAD608DC1A1BD57100D2E16C /* ah.caf */ = {isa = PBXFileReference; lastKnownFileType = file; path = ah.caf; sourceTree = "<group>"; };
		CAD608DD1A1BD57100D2E16C /* ahh.caf */ = {isa = PBXFileReference; lastKnownFileType = file; path = ahh.caf; sourceTree = "<group>"; };
		CAD608DE1A1BD57100D2E16C /* ar.caf */ = {isa = PBXFileReference; lastKnownFileType = file; path = ar.caf; sourceTree = "<group>"; };
		CAD608DF1A1BD57100D2E16C /* au.caf */ = {isa = PBXFileReference; lastKnownFileType = file; path = au.caf; sourceTree = "<group>"; };
		CAD608E01A1BD57100D2E16C /* b.caf */ = {isa = PBXFileReference; lastKnownFileType = file; path = b.caf; sourceTree = "<group>"; };
		CAD608E11A1BD57100D2E16C /* ch.caf */ = {isa = PBXFileReference; lastKnownFileType = file; path = ch.caf; sourceTree = "<group>"; };
		CAD608E21A1BD57100D2E16C /* d.caf */ = {isa = PBXFileReference; lastKnownFileType = file; path = d.caf; sourceTree = "<group>"; };
		CAD608E31A1BD57100D2E16C /* eh.caf */ = {isa = PBXFileReference; lastKnownFileType = file; path = eh.caf; sourceTree = "<group>"; };
		CAD608E41A1BD57100D2E16C /* el.caf */ = {isa = PBXFileReference; lastKnownFileType = file; path = el.caf; sourceTree = "<group>"; };
		CAD608E51A1BD57100D2E16C /* er.caf */ = {isa = PBXFileReference; lastKnownFileType = file; path = er.caf; sourceTree = "<group>"; };
		CAD608E61A1BD57100D2E16C /* euh.caf */ = {isa = PBXFileReference; lastKnownFileType = file; path = euh.caf; sourceTree = "<group>"; };
		CAD608E71A1BD57100D2E16C /* f.caf */ = {isa = PBXFileReference; lastKnownFileType = file; path = f.caf; sourceTree = "<group>"; };
		CAD608E81A1BD57100D2E16C /* g.caf */ = {isa = PBXFileReference; lastKnownFileType = file; path = g.caf; sourceTree = "<group>"; };
		CAD608E91A1BD57100D2E16C /* h.caf */ = {isa = PBXFileReference; lastKnownFileType = file; path = h.caf; sourceTree = "<group>"; };
		CAD608EA1A1BD57100D2E16C /* ih.caf */ = {isa = PBXFileReference; lastKnownFileType = file; path = ih.caf; sourceTree = "<group>"; };
		CAD608EB1A1BD57100D2E16C /* ir.caf */ = {isa = PBXFileReference; lastKnownFileType = file; path = ir.caf; sourceTree = "<group>"; };
		CAD608EC1A1BD57100D2E16C /* je.caf */ = {isa = PBXFileReference; lastKnownFileType = file; path = je.caf; sourceTree = "<group>"; };
		CAD608ED1A1BD57100D2E16C /* k.caf */ = {isa = PBXFileReference; lastKnownFileType = file; path = k.caf; sourceTree = "<group>"; };
		CAD608EF1A1BD57100D2E16C /* longe.caf */ = {isa = PBXFileReference; lastKnownFileType = file; path = longe.caf; sourceTree = "<group>"; };
		CAD608F01A1BD57100D2E16C /* longi.caf */ = {isa = PBXFileReference; lastKnownFileType = file; path = longi.caf; sourceTree = "<group>"; };
		CAD608F11A1BD57100D2E16C /* longo.caf */ = {isa = PBXFileReference; lastKnownFileType = file; path = longo.caf; sourceTree = "<group>"; };
		CAD608F21A1BD57100D2E16C /* m.caf */ = {isa = PBXFileReference; lastKnownFileType = file; path = m.caf; sourceTree = "<group>"; };
		CAD608F31A1BD57100D2E16C /* n.caf */ = {isa = PBXFileReference; lastKnownFileType = file; path = n.caf; sourceTree = "<group>"; };
		CAD608F41A1BD57100D2E16C /* ng.caf */ = {isa = PBXFileReference; lastKnownFileType = file; path = ng.caf; sourceTree = "<group>"; };
		CAD608F51A1BD57100D2E16C /* oo.caf */ = {isa = PBXFileReference; lastKnownFileType = file; path = oo.caf; sourceTree = "<group>"; };
		CAD608F61A1BD57100D2E16C /* or.caf */ = {isa = PBXFileReference; lastKnownFileType = file; path = or.caf; sourceTree = "<group>"; };
		CAD608F71A1BD57100D2E16C /* our.caf */ = {isa = PBXFileReference; lastKnownFileType = file; path = our.caf; sourceTree = "<group>"; };
		CAD608F81A1BD57100D2E16C /* oy.caf */ = {isa = PBXFileReference; lastKnownFileType = file; path = oy.caf; sourceTree = "<group>"; };
		CAD608F91A1BD57100D2E16C /* p.caf */ = {isa = PBXFileReference; lastKnownFileType = file; path = p.caf; sourceTree = "<group>"; };
		CAD608FA1A1BD57100D2E16C /* r.caf */ = {isa = PBXFileReference; lastKnownFileType = file; path = r.caf; sourceTree = "<group>"; };
		CAD608FB1A1BD57100D2E16C /* s.caf */ = {isa = PBXFileReference; lastKnownFileType = file; path = s.caf; sourceTree = "<group>"; };
		CAD608FC1A1BD57100D2E16C /* schwa.caf */ = {isa = PBXFileReference; lastKnownFileType = file; path = schwa.caf; sourceTree = "<group>"; };
		CAD608FD1A1BD57100D2E16C /* schwar.caf */ = {isa = PBXFileReference; lastKnownFileType = file; path = schwar.caf; sourceTree = "<group>"; };
		CAD608FE1A1BD57100D2E16C /* sh.caf */ = {isa = PBXFileReference; lastKnownFileType = file; path = sh.caf; sourceTree = "<group>"; };
		CAD608FF1A1BD57100D2E16C /* t.caf */ = {isa = PBXFileReference; lastKnownFileType = file; path = t.caf; sourceTree = "<group>"; };
		CAD609001A1BD57100D2E16C /* th.caf */ = {isa = PBXFileReference; lastKnownFileType = file; path = th.caf; sourceTree = "<group>"; };
		CAD609011A1BD57100D2E16C /* th1.caf */ = {isa = PBXFileReference; lastKnownFileType = file; path = th1.caf; sourceTree = "<group>"; };
		CAD609021A1BD57100D2E16C /* thth.caf */ = {isa = PBXFileReference; lastKnownFileType = file; path = thth.caf; sourceTree = "<group>"; };
		CAD609031A1BD57100D2E16C /* uh.caf */ = {isa = PBXFileReference; lastKnownFileType = file; path = uh.caf; sourceTree = "<group>"; };
		CAD609041A1BD57100D2E16C /* ur.caf */ = {isa = PBXFileReference; lastKnownFileType = file; path = ur.caf; sourceTree = "<group>"; };
		CAD609051A1BD57100D2E16C /* v.caf */ = {isa = PBXFileReference; lastKnownFileType = file; path = v.caf; sourceTree = "<group>"; };
		CAD609061A1BD57100D2E16C /* w.caf */ = {isa = PBXFileReference; lastKnownFileType = file; path = w.caf; sourceTree = "<group>"; };
		CAD609071A1BD57100D2E16C /* weaki.caf */ = {isa = PBXFileReference; lastKnownFileType = file; path = weaki.caf; sourceTree = "<group>"; };
		CAD609081A1BD57100D2E16C /* weaku.caf */ = {isa = PBXFileReference; lastKnownFileType = file; path = weaku.caf; sourceTree = "<group>"; };
		CAD609091A1BD57100D2E16C /* yod.caf */ = {isa = PBXFileReference; lastKnownFileType = file; path = yod.caf; sourceTree = "<group>"; };
		CAD6090A1A1BD57100D2E16C /* z.caf */ = {isa = PBXFileReference; lastKnownFileType = file; path = z.caf; sourceTree = "<group>"; };
		CAD6090B1A1BD57100D2E16C /* zh.caf */ = {isa = PBXFileReference; lastKnownFileType = file; path = zh.caf; sourceTree = "<group>"; };
		CAE9A5B31A1AD32400898AC3 /* Sound.h */ = {isa = PBXFileReference; fileEncoding = 4; lastKnownFileType = sourcecode.c.h; path = Sound.h; sourceTree = "<group>"; };
		CAE9A5B41A1AD32400898AC3 /* Sound.m */ = {isa = PBXFileReference; fileEncoding = 4; lastKnownFileType = sourcecode.c.objc; path = Sound.m; sourceTree = "<group>"; };
		CAE9A5B51A1AD32400898AC3 /* SoundLibrary.h */ = {isa = PBXFileReference; fileEncoding = 4; lastKnownFileType = sourcecode.c.h; path = SoundLibrary.h; sourceTree = "<group>"; };
		CAE9A5B61A1AD32400898AC3 /* SoundLibrary.m */ = {isa = PBXFileReference; fileEncoding = 4; lastKnownFileType = sourcecode.c.objc; path = SoundLibrary.m; sourceTree = "<group>"; };
		CAE9A5B91A1AD34400898AC3 /* Phoneme.h */ = {isa = PBXFileReference; fileEncoding = 4; lastKnownFileType = sourcecode.c.h; path = Phoneme.h; sourceTree = "<group>"; };
		CAE9A5BA1A1AD34400898AC3 /* Phoneme.m */ = {isa = PBXFileReference; fileEncoding = 4; lastKnownFileType = sourcecode.c.objc; path = Phoneme.m; sourceTree = "<group>"; };
		CAE9A5BB1A1AD34400898AC3 /* Word.h */ = {isa = PBXFileReference; fileEncoding = 4; lastKnownFileType = sourcecode.c.h; path = Word.h; sourceTree = "<group>"; };
		CAE9A5BC1A1AD34400898AC3 /* Word.m */ = {isa = PBXFileReference; fileEncoding = 4; lastKnownFileType = sourcecode.c.objc; path = Word.m; sourceTree = "<group>"; };
/* End PBXFileReference section */

/* Begin PBXFrameworksBuildPhase section */
		99885C4C1A1A921A0043D837 /* Frameworks */ = {
			isa = PBXFrameworksBuildPhase;
			buildActionMask = 2147483647;
			files = (
				9966004B1A1AEC3300A52F0C /* Foundation.framework in Frameworks */,
				996600491A1AEC2300A52F0C /* UIKit.framework in Frameworks */,
				996600471A1AEC1800A52F0C /* AVFoundation.framework in Frameworks */,
				996600451A1AEBFB00A52F0C /* AudioToolbox.framework in Frameworks */,
			);
			runOnlyForDeploymentPostprocessing = 0;
		};
		99885C651A1A921A0043D837 /* Frameworks */ = {
			isa = PBXFrameworksBuildPhase;
			buildActionMask = 2147483647;
			files = (
			);
			runOnlyForDeploymentPostprocessing = 0;
		};
/* End PBXFrameworksBuildPhase section */

/* Begin PBXGroup section */
		99885C461A1A921A0043D837 = {
			isa = PBXGroup;
			children = (
				9966004A1A1AEC3300A52F0C /* Foundation.framework */,
				996600481A1AEC2300A52F0C /* UIKit.framework */,
				996600461A1AEC1800A52F0C /* AVFoundation.framework */,
				996600441A1AEBFB00A52F0C /* AudioToolbox.framework */,
				99885C511A1A921A0043D837 /* ReadInRainbow */,
				99885C6B1A1A921A0043D837 /* ReadInRainbowTests */,
				99885C501A1A921A0043D837 /* Products */,
			);
			sourceTree = "<group>";
		};
		99885C501A1A921A0043D837 /* Products */ = {
			isa = PBXGroup;
			children = (
				99885C4F1A1A921A0043D837 /* ReadInRainbow.app */,
				99885C681A1A921A0043D837 /* ReadInRainbowTests.xctest */,
			);
			name = Products;
			sourceTree = "<group>";
		};
		99885C511A1A921A0043D837 /* ReadInRainbow */ = {
			isa = PBXGroup;
			children = (
				99885C561A1A921A0043D837 /* AppDelegate.h */,
				99885C571A1A921A0043D837 /* AppDelegate.m */,
				99885C5F1A1A921A0043D837 /* Images.xcassets */,
				99885C611A1A921A0043D837 /* LaunchScreen.xib */,
				99F46F491A1ED86500379256 /* Data Model */,
				99F46F471A1ED83F00379256 /* Storyboards */,
				99F46F461A1ED82A00379256 /* View Controllers */,
				99885C521A1A921A0043D837 /* Supporting Files */,
			);
			path = ReadInRainbow;
			sourceTree = "<group>";
		};
		99885C521A1A921A0043D837 /* Supporting Files */ = {
			isa = PBXGroup;
			children = (
				99F46F201A1D8D5400379256 /* Words */,
				CAD608DC1A1BD57100D2E16C /* ah.caf */,
				CAD608DD1A1BD57100D2E16C /* ahh.caf */,
				CAD608DE1A1BD57100D2E16C /* ar.caf */,
				CAD608DF1A1BD57100D2E16C /* au.caf */,
				CAD608E01A1BD57100D2E16C /* b.caf */,
				CAD608E11A1BD57100D2E16C /* ch.caf */,
				CAD608E21A1BD57100D2E16C /* d.caf */,
				CAD608E31A1BD57100D2E16C /* eh.caf */,
				CAD608E41A1BD57100D2E16C /* el.caf */,
				CAD608E51A1BD57100D2E16C /* er.caf */,
				CAD608E61A1BD57100D2E16C /* euh.caf */,
				CAD608E71A1BD57100D2E16C /* f.caf */,
				CAD608E81A1BD57100D2E16C /* g.caf */,
				CAD608E91A1BD57100D2E16C /* h.caf */,
				CAD608EA1A1BD57100D2E16C /* ih.caf */,
				CAD608EB1A1BD57100D2E16C /* ir.caf */,
				CAD608EC1A1BD57100D2E16C /* je.caf */,
				CAD608ED1A1BD57100D2E16C /* k.caf */,
				CA60EFFB1A1BE132001DC1D2 /* longa.caf */,
				CAD608EF1A1BD57100D2E16C /* longe.caf */,
				CAD608F01A1BD57100D2E16C /* longi.caf */,
				CAD608F11A1BD57100D2E16C /* longo.caf */,
				CAD608F21A1BD57100D2E16C /* m.caf */,
				CAD608F31A1BD57100D2E16C /* n.caf */,
				CAD608F41A1BD57100D2E16C /* ng.caf */,
				CAD608F51A1BD57100D2E16C /* oo.caf */,
				CAD608F61A1BD57100D2E16C /* or.caf */,
				CAD608F71A1BD57100D2E16C /* our.caf */,
				CAD608F81A1BD57100D2E16C /* oy.caf */,
				CAD608F91A1BD57100D2E16C /* p.caf */,
				CAD608FA1A1BD57100D2E16C /* r.caf */,
				CAD608FB1A1BD57100D2E16C /* s.caf */,
				CAD608FC1A1BD57100D2E16C /* schwa.caf */,
				CAD608FD1A1BD57100D2E16C /* schwar.caf */,
				CAD608FE1A1BD57100D2E16C /* sh.caf */,
				CAD608FF1A1BD57100D2E16C /* t.caf */,
				CAD609001A1BD57100D2E16C /* th.caf */,
				CAD609011A1BD57100D2E16C /* th1.caf */,
				CAD609021A1BD57100D2E16C /* thth.caf */,
				CAD609031A1BD57100D2E16C /* uh.caf */,
				CAD609041A1BD57100D2E16C /* ur.caf */,
				CAD609051A1BD57100D2E16C /* v.caf */,
				CAD609061A1BD57100D2E16C /* w.caf */,
				CAD609071A1BD57100D2E16C /* weaki.caf */,
				CAD609081A1BD57100D2E16C /* weaku.caf */,
				CAD609091A1BD57100D2E16C /* yod.caf */,
				CAD6090A1A1BD57100D2E16C /* z.caf */,
				CAD6090B1A1BD57100D2E16C /* zh.caf */,
				99885C531A1A921A0043D837 /* Info.plist */,
				99885C541A1A921A0043D837 /* main.m */,
			);
			name = "Supporting Files";
			sourceTree = "<group>";
		};
		99885C6B1A1A921A0043D837 /* ReadInRainbowTests */ = {
			isa = PBXGroup;
			children = (
				99885C6E1A1A921A0043D837 /* ReadInRainbowTests.m */,
				99885C6C1A1A921A0043D837 /* Supporting Files */,
			);
			path = ReadInRainbowTests;
			sourceTree = "<group>";
		};
		99885C6C1A1A921A0043D837 /* Supporting Files */ = {
			isa = PBXGroup;
			children = (
				99885C6D1A1A921A0043D837 /* Info.plist */,
			);
			name = "Supporting Files";
			sourceTree = "<group>";
		};
		99F46F201A1D8D5400379256 /* Words */ = {
			isa = PBXGroup;
			children = (
				99F46F4A1A1FE40B00379256 /* bus.caf */,
				99F46F4B1A1FE40B00379256 /* comma.caf */,
				99F46F4C1A1FE40B00379256 /* happy.caf */,
				99F46F4D1A1FE40B00379256 /* influence.caf */,
				99F46F4E1A1FE40B00379256 /* merry.caf */,
				99F46F4F1A1FE40B00379256 /* mirror.caf */,
				99F46F501A1FE40B00379256 /* mouse.caf */,
				99F46F511A1FE40B00379256 /* nurse.caf */,
				99F46F521A1FE40B00379256 /* page.caf */,
				99F46F531A1FE40B00379256 /* price.caf */,
				99F46F541A1FE40B00379256 /* sing.caf */,
				99F46F551A1FE40B00379256 /* star.caf */,
				99F46F561A1FE40B00379256 /* tour.caf */,
				99F46F571A1FE40B00379256 /* vision.caf */,
				99F46F581A1FE40B00379256 /* water.caf */,
				99F46F591A1FE40B00379256 /* you.caf */,
				99F46F211A1D8D6100379256 /* book.caf */,
				99F46F221A1D8D6100379256 /* choice.caf */,
				99F46F231A1D8D6100379256 /* cough.caf */,
				99F46F241A1D8D6100379256 /* day.caf */,
				99F46F251A1D8D6100379256 /* demo.caf */,
				99F46F261A1D8D6100379256 /* egg.caf */,
				99F46F271A1D8D6100379256 /* father.caf */,
				99F46F281A1D8D6100379256 /* labs.caf */,
				99F46F291A1D8D6100379256 /* lighthouse.caf */,
				99F46F2A1A1D8D6100379256 /* north.caf */,
				99F46F2B1A1D8D6100379256 /* shoe.caf */,
				99F46F2C1A1D8D6100379256 /* team.caf */,
				99F46F2D1A1D8D6100379256 /* zipper.caf */,
			);
			name = Words;
			sourceTree = "<group>";
		};
		99F46F461A1ED82A00379256 /* View Controllers */ = {
			isa = PBXGroup;
			children = (
				99885C591A1A921A0043D837 /* MainViewController.h */,
				99885C5A1A1A921A0043D837 /* MainViewController.m */,
				99D594811A1C0D87001CFBED /* Game1ViewController.h */,
				99D594821A1C0D87001CFBED /* Game1ViewController.m */,
				CA60EFFE1A1D21F9001DC1D2 /* Game2ViewController.h */,
				CA60EFFF1A1D21F9001DC1D2 /* Game2ViewController.m */,
				99F46EDC1A1D253300379256 /* Game3ViewController.h */,
				99F46EDD1A1D253300379256 /* Game3ViewController.m */,
				99F46F3E1A1E927800379256 /* DragGameViewController.h */,
				99F46F3F1A1E927800379256 /* DragGameViewController.m */,
				99F46EE91A1D5ED100379256 /* WordViewController.h */,
				99F46EEA1A1D5ED100379256 /* WordViewController.m */,
				CA60F0421A1FEFCD001DC1D2 /* HangManViewController.h */,
				CA60F0431A1FEFCD001DC1D2 /* HangManViewController.m */,
				99F46F481A1ED85300379256 /* Cells and Views */,
			);
			name = "View Controllers";
			sourceTree = "<group>";
		};
		99F46F471A1ED83F00379256 /* Storyboards */ = {
			isa = PBXGroup;
			children = (
				99885C5C1A1A921A0043D837 /* Main.storyboard */,
				99F46F411A1E928800379256 /* DragGameStoryboard.storyboard */,
				CA60EFFC1A1D21CB001DC1D2 /* Game2Storyboard.storyboard */,
				99F46EDA1A1D251500379256 /* Game3Storyboard.storyboard */,
				99F46EEC1A1D5F2500379256 /* WordStoryboard.storyboard */,
				CA60F0401A1FEFC0001DC1D2 /* HangmanStoryboard.storyboard */,
			);
			name = Storyboards;
			sourceTree = "<group>";
		};
		99F46F481A1ED85300379256 /* Cells and Views */ = {
			isa = PBXGroup;
			children = (
				99885C7E1A1AA9690043D837 /* GameCell.h */,
				99885C7F1A1AA9690043D837 /* GameCell.m */,
				99885C7B1A1AA95F0043D837 /* ChartCell.h */,
				99885C7C1A1AA95F0043D837 /* ChartCell.m */,
				9915F4E51A1B0E15008A0354 /* ColorBlockView.h */,
				9915F4E61A1B0E15008A0354 /* ColorBlockView.m */,
				99F46EE21A1D3E3000379256 /* UIButton+setTag.h */,
				99F46EE31A1D3E3000379256 /* UIButton+setTag.m */,
			);
			name = "Cells and Views";
			sourceTree = "<group>";
		};
		99F46F491A1ED86500379256 /* Data Model */ = {
			isa = PBXGroup;
			children = (
				99F46F431A1EA5D700379256 /* Util.h */,
				99F46F441A1EA5D700379256 /* Util.m */,
				CAE9A5B31A1AD32400898AC3 /* Sound.h */,
				CAE9A5B41A1AD32400898AC3 /* Sound.m */,
				CAE9A5B51A1AD32400898AC3 /* SoundLibrary.h */,
				CAE9A5B61A1AD32400898AC3 /* SoundLibrary.m */,
				99F46EE61A1D544600379256 /* WordLibrary.h */,
				99F46EE71A1D544600379256 /* WordLibrary.m */,
				99F46F1E1A1D6A8700379256 /* Word.plist */,
				CAE9A5B91A1AD34400898AC3 /* Phoneme.h */,
				CAE9A5BA1A1AD34400898AC3 /* Phoneme.m */,
				CAE9A5BB1A1AD34400898AC3 /* Word.h */,
				CAE9A5BC1A1AD34400898AC3 /* Word.m */,
			);
			name = "Data Model";
			sourceTree = "<group>";
		};
/* End PBXGroup section */

/* Begin PBXNativeTarget section */
		99885C4E1A1A921A0043D837 /* ReadInRainbow */ = {
			isa = PBXNativeTarget;
			buildConfigurationList = 99885C721A1A921A0043D837 /* Build configuration list for PBXNativeTarget "ReadInRainbow" */;
			buildPhases = (
				99885C4B1A1A921A0043D837 /* Sources */,
				99885C4C1A1A921A0043D837 /* Frameworks */,
				99885C4D1A1A921A0043D837 /* Resources */,
			);
			buildRules = (
			);
			dependencies = (
			);
			name = ReadInRainbow;
			productName = ReadInRainbow;
			productReference = 99885C4F1A1A921A0043D837 /* ReadInRainbow.app */;
			productType = "com.apple.product-type.application";
		};
		99885C671A1A921A0043D837 /* ReadInRainbowTests */ = {
			isa = PBXNativeTarget;
			buildConfigurationList = 99885C751A1A921A0043D837 /* Build configuration list for PBXNativeTarget "ReadInRainbowTests" */;
			buildPhases = (
				99885C641A1A921A0043D837 /* Sources */,
				99885C651A1A921A0043D837 /* Frameworks */,
				99885C661A1A921A0043D837 /* Resources */,
			);
			buildRules = (
			);
			dependencies = (
				99885C6A1A1A921A0043D837 /* PBXTargetDependency */,
			);
			name = ReadInRainbowTests;
			productName = ReadInRainbowTests;
			productReference = 99885C681A1A921A0043D837 /* ReadInRainbowTests.xctest */;
			productType = "com.apple.product-type.bundle.unit-test";
		};
/* End PBXNativeTarget section */

/* Begin PBXProject section */
		99885C471A1A921A0043D837 /* Project object */ = {
			isa = PBXProject;
			attributes = {
				LastUpgradeCheck = 0610;
				ORGANIZATIONNAME = ajek;
				TargetAttributes = {
					99885C4E1A1A921A0043D837 = {
						CreatedOnToolsVersion = 6.1;
						DevelopmentTeam = R7PALQLS74;
					};
					99885C671A1A921A0043D837 = {
						CreatedOnToolsVersion = 6.1;
						TestTargetID = 99885C4E1A1A921A0043D837;
					};
				};
			};
			buildConfigurationList = 99885C4A1A1A921A0043D837 /* Build configuration list for PBXProject "ReadInRainbow" */;
			compatibilityVersion = "Xcode 3.2";
			developmentRegion = English;
			hasScannedForEncodings = 0;
			knownRegions = (
				en,
				Base,
			);
			mainGroup = 99885C461A1A921A0043D837;
			productRefGroup = 99885C501A1A921A0043D837 /* Products */;
			projectDirPath = "";
			projectRoot = "";
			targets = (
				99885C4E1A1A921A0043D837 /* ReadInRainbow */,
				99885C671A1A921A0043D837 /* ReadInRainbowTests */,
			);
		};
/* End PBXProject section */

/* Begin PBXResourcesBuildPhase section */
		99885C4D1A1A921A0043D837 /* Resources */ = {
			isa = PBXResourcesBuildPhase;
			buildActionMask = 2147483647;
			files = (
				99F46F3A1A1D90FB00379256 /* zipper.caf in Resources */,
				99F46EF41A1D650700379256 /* ch.caf in Resources */,
				99F46EDB1A1D251500379256 /* Game3Storyboard.storyboard in Resources */,
				99F46F0F1A1D657400379256 /* schwar.caf in Resources */,
				99F46F171A1D658700379256 /* v.caf in Resources */,
				99F46F331A1D90ED00379256 /* egg.caf in Resources */,
				99F46F151A1D658300379256 /* uh.caf in Resources */,
				99885C5E1A1A921A0043D837 /* Main.storyboard in Resources */,
				99F46EF81A1D651200379256 /* er.caf in Resources */,
				99F46EFE1A1D654900379256 /* ih.caf in Resources */,
				99F46F351A1D90F100379256 /* labs.caf in Resources */,
				99F46EFB1A1D651A00379256 /* g.caf in Resources */,
				99F46EF51A1D650900379256 /* d.caf in Resources */,
				99F46F191A1D658B00379256 /* weaki.caf in Resources */,
				99F46F2E1A1D90E200379256 /* book.caf in Resources */,
				99885C631A1A921A0043D837 /* LaunchScreen.xib in Resources */,
				99F46F111A1D657A00379256 /* t.caf in Resources */,
				99F46EFA1A1D651800379256 /* f.caf in Resources */,
				CA60F0411A1FEFC0001DC1D2 /* HangmanStoryboard.storyboard in Resources */,
				99F46EF61A1D650C00379256 /* eh.caf in Resources */,
				99F46F101A1D657600379256 /* sh.caf in Resources */,
				99F46EF31A1D650400379256 /* b.caf in Resources */,
				99F46EFC1A1D652000379256 /* longa.caf in Resources */,
				99F46EFD1A1D654700379256 /* h.caf in Resources */,
				99F46F181A1D658900379256 /* w.caf in Resources */,
				99F46F091A1D656500379256 /* our.caf in Resources */,
				99F46F021A1D655500379256 /* longe.caf in Resources */,
				99F46F371A1D90F500379256 /* north.caf in Resources */,
				99F46F141A1D658100379256 /* thth.caf in Resources */,
				99F46F1B1A1D658F00379256 /* yod.caf in Resources */,
				99F46F031A1D655800379256 /* longi.caf in Resources */,
				99F46F421A1E928800379256 /* DragGameStoryboard.storyboard in Resources */,
				99F46F051A1D655D00379256 /* n.caf in Resources */,
				99F46F0C1A1D656D00379256 /* r.caf in Resources */,
				99F46F121A1D657C00379256 /* th.caf in Resources */,
				99F46EEE1A1D64E300379256 /* longo.caf in Resources */,
				99F46EED1A1D5F2500379256 /* WordStoryboard.storyboard in Resources */,
				99F46EF11A1D64FE00379256 /* ar.caf in Resources */,
				99F46F361A1D90F300379256 /* lighthouse.caf in Resources */,
				99F46F311A1D90E900379256 /* day.caf in Resources */,
				99F46F321A1D90EB00379256 /* demo.caf in Resources */,
				99F46F061A1D655F00379256 /* ng.caf in Resources */,
				99F46F0B1A1D656900379256 /* p.caf in Resources */,
				CA60EFFD1A1D21CB001DC1D2 /* Game2Storyboard.storyboard in Resources */,
				99F46EFF1A1D654B00379256 /* ir.caf in Resources */,
				99F46EF01A1D64F900379256 /* ahh.caf in Resources */,
				99F46F041A1D655B00379256 /* m.caf in Resources */,
				99F46F1F1A1D6A8700379256 /* Word.plist in Resources */,
				99F46F381A1D90F700379256 /* shoe.caf in Resources */,
				99885C601A1A921A0043D837 /* Images.xcassets in Resources */,
				99F46F0E1A1D657200379256 /* schwa.caf in Resources */,
				99F46F341A1D90EF00379256 /* father.caf in Resources */,
				99F46F011A1D655100379256 /* k.caf in Resources */,
				99F46F081A1D656300379256 /* or.caf in Resources */,
				99F46F001A1D654F00379256 /* je.caf in Resources */,
				99F46EF21A1D650100379256 /* au.caf in Resources */,
				99F46F2F1A1D90E400379256 /* choice.caf in Resources */,
				99F46F0A1A1D656700379256 /* oy.caf in Resources */,
				99F46F1D1A1D659300379256 /* zh.caf in Resources */,
				99F46F1C1A1D659100379256 /* z.caf in Resources */,
				99F46F071A1D656100379256 /* oo.caf in Resources */,
				99F46F0D1A1D656F00379256 /* s.caf in Resources */,
				99F46F301A1D90E600379256 /* cough.caf in Resources */,
				99F46F391A1D90F900379256 /* team.caf in Resources */,
				99F46F131A1D657F00379256 /* th1.caf in Resources */,
				99F46EF91A1D651500379256 /* euh.caf in Resources */,
				99F46F1A1A1D658D00379256 /* weaku.caf in Resources */,
				99F46EEF1A1D64E800379256 /* ah.caf in Resources */,
				99F46EF71A1D650E00379256 /* el.caf in Resources */,
				99F46F161A1D658500379256 /* ur.caf in Resources */,
			);
			runOnlyForDeploymentPostprocessing = 0;
		};
		99885C661A1A921A0043D837 /* Resources */ = {
			isa = PBXResourcesBuildPhase;
			buildActionMask = 2147483647;
			files = (
			);
			runOnlyForDeploymentPostprocessing = 0;
		};
/* End PBXResourcesBuildPhase section */

/* Begin PBXSourcesBuildPhase section */
		99885C4B1A1A921A0043D837 /* Sources */ = {
			isa = PBXSourcesBuildPhase;
			buildActionMask = 2147483647;
			files = (
				CAE9A5BD1A1AD34400898AC3 /* Phoneme.m in Sources */,
				99885C5B1A1A921A0043D837 /* MainViewController.m in Sources */,
				9915F4E71A1B0E15008A0354 /* ColorBlockView.m in Sources */,
				99885C7D1A1AA95F0043D837 /* ChartCell.m in Sources */,
				99F46EE81A1D544600379256 /* WordLibrary.m in Sources */,
				99D594831A1C0D87001CFBED /* Game1ViewController.m in Sources */,
				99F46F401A1E927800379256 /* DragGameViewController.m in Sources */,
				99885C801A1AA9690043D837 /* GameCell.m in Sources */,
				CAE9A5B81A1AD32400898AC3 /* SoundLibrary.m in Sources */,
				99F46EE41A1D3E3000379256 /* UIButton+setTag.m in Sources */,
				99F46EDE1A1D253300379256 /* Game3ViewController.m in Sources */,
				99F46EEB1A1D5ED100379256 /* WordViewController.m in Sources */,
				CAE9A5B71A1AD32400898AC3 /* Sound.m in Sources */,
				99885C581A1A921A0043D837 /* AppDelegate.m in Sources */,
				99885C551A1A921A0043D837 /* main.m in Sources */,
				CAE9A5BE1A1AD34400898AC3 /* Word.m in Sources */,
				CA60F0001A1D21F9001DC1D2 /* Game2ViewController.m in Sources */,
				CA60F0441A1FEFCD001DC1D2 /* HangManViewController.m in Sources */,
				99F46F451A1EA5D700379256 /* Util.m in Sources */,
			);
			runOnlyForDeploymentPostprocessing = 0;
		};
		99885C641A1A921A0043D837 /* Sources */ = {
			isa = PBXSourcesBuildPhase;
			buildActionMask = 2147483647;
			files = (
				99885C6F1A1A921A0043D837 /* ReadInRainbowTests.m in Sources */,
			);
			runOnlyForDeploymentPostprocessing = 0;
		};
/* End PBXSourcesBuildPhase section */

/* Begin PBXTargetDependency section */
		99885C6A1A1A921A0043D837 /* PBXTargetDependency */ = {
			isa = PBXTargetDependency;
			target = 99885C4E1A1A921A0043D837 /* ReadInRainbow */;
			targetProxy = 99885C691A1A921A0043D837 /* PBXContainerItemProxy */;
		};
/* End PBXTargetDependency section */

/* Begin PBXVariantGroup section */
		99885C5C1A1A921A0043D837 /* Main.storyboard */ = {
			isa = PBXVariantGroup;
			children = (
				99885C5D1A1A921A0043D837 /* Base */,
			);
			name = Main.storyboard;
			sourceTree = "<group>";
		};
		99885C611A1A921A0043D837 /* LaunchScreen.xib */ = {
			isa = PBXVariantGroup;
			children = (
				99885C621A1A921A0043D837 /* Base */,
			);
			name = LaunchScreen.xib;
			sourceTree = "<group>";
		};
/* End PBXVariantGroup section */

/* Begin XCBuildConfiguration section */
		99885C701A1A921A0043D837 /* Debug */ = {
			isa = XCBuildConfiguration;
			buildSettings = {
				ALWAYS_SEARCH_USER_PATHS = NO;
				CLANG_CXX_LANGUAGE_STANDARD = "gnu++0x";
				CLANG_CXX_LIBRARY = "libc++";
				CLANG_ENABLE_MODULES = YES;
				CLANG_ENABLE_OBJC_ARC = YES;
				CLANG_WARN_BOOL_CONVERSION = YES;
				CLANG_WARN_CONSTANT_CONVERSION = YES;
				CLANG_WARN_DIRECT_OBJC_ISA_USAGE = YES_ERROR;
				CLANG_WARN_EMPTY_BODY = YES;
				CLANG_WARN_ENUM_CONVERSION = YES;
				CLANG_WARN_INT_CONVERSION = YES;
				CLANG_WARN_OBJC_ROOT_CLASS = YES_ERROR;
				CLANG_WARN_UNREACHABLE_CODE = YES;
				CLANG_WARN__DUPLICATE_METHOD_MATCH = YES;
				"CODE_SIGN_IDENTITY[sdk=iphoneos*]" = "iPhone Developer";
				COPY_PHASE_STRIP = NO;
				ENABLE_STRICT_OBJC_MSGSEND = YES;
				GCC_C_LANGUAGE_STANDARD = gnu99;
				GCC_DYNAMIC_NO_PIC = NO;
				GCC_OPTIMIZATION_LEVEL = 0;
				GCC_PREPROCESSOR_DEFINITIONS = (
					"DEBUG=1",
					"$(inherited)",
				);
				GCC_SYMBOLS_PRIVATE_EXTERN = NO;
				GCC_WARN_64_TO_32_BIT_CONVERSION = YES;
				GCC_WARN_ABOUT_RETURN_TYPE = YES_ERROR;
				GCC_WARN_UNDECLARED_SELECTOR = YES;
				GCC_WARN_UNINITIALIZED_AUTOS = YES_AGGRESSIVE;
				GCC_WARN_UNUSED_FUNCTION = YES;
				GCC_WARN_UNUSED_VARIABLE = YES;
				IPHONEOS_DEPLOYMENT_TARGET = 8.1;
				MTL_ENABLE_DEBUG_INFO = YES;
				ONLY_ACTIVE_ARCH = YES;
				SDKROOT = iphoneos;
				TARGETED_DEVICE_FAMILY = "1,2";
			};
			name = Debug;
		};
		99885C711A1A921A0043D837 /* Release */ = {
			isa = XCBuildConfiguration;
			buildSettings = {
				ALWAYS_SEARCH_USER_PATHS = NO;
				CLANG_CXX_LANGUAGE_STANDARD = "gnu++0x";
				CLANG_CXX_LIBRARY = "libc++";
				CLANG_ENABLE_MODULES = YES;
				CLANG_ENABLE_OBJC_ARC = YES;
				CLANG_WARN_BOOL_CONVERSION = YES;
				CLANG_WARN_CONSTANT_CONVERSION = YES;
				CLANG_WARN_DIRECT_OBJC_ISA_USAGE = YES_ERROR;
				CLANG_WARN_EMPTY_BODY = YES;
				CLANG_WARN_ENUM_CONVERSION = YES;
				CLANG_WARN_INT_CONVERSION = YES;
				CLANG_WARN_OBJC_ROOT_CLASS = YES_ERROR;
				CLANG_WARN_UNREACHABLE_CODE = YES;
				CLANG_WARN__DUPLICATE_METHOD_MATCH = YES;
				"CODE_SIGN_IDENTITY[sdk=iphoneos*]" = "iPhone Developer";
				COPY_PHASE_STRIP = YES;
				ENABLE_NS_ASSERTIONS = NO;
				ENABLE_STRICT_OBJC_MSGSEND = YES;
				GCC_C_LANGUAGE_STANDARD = gnu99;
				GCC_WARN_64_TO_32_BIT_CONVERSION = YES;
				GCC_WARN_ABOUT_RETURN_TYPE = YES_ERROR;
				GCC_WARN_UNDECLARED_SELECTOR = YES;
				GCC_WARN_UNINITIALIZED_AUTOS = YES_AGGRESSIVE;
				GCC_WARN_UNUSED_FUNCTION = YES;
				GCC_WARN_UNUSED_VARIABLE = YES;
				IPHONEOS_DEPLOYMENT_TARGET = 8.1;
				MTL_ENABLE_DEBUG_INFO = NO;
				SDKROOT = iphoneos;
				TARGETED_DEVICE_FAMILY = "1,2";
				VALIDATE_PRODUCT = YES;
			};
			name = Release;
		};
		99885C731A1A921A0043D837 /* Debug */ = {
			isa = XCBuildConfiguration;
			buildSettings = {
				ASSETCATALOG_COMPILER_APPICON_NAME = AppIcon;
				CODE_SIGN_IDENTITY = "iPhone Developer";
				"CODE_SIGN_IDENTITY[sdk=iphoneos*]" = "iPhone Developer";
				INFOPLIST_FILE = ReadInRainbow/Info.plist;
				IPHONEOS_DEPLOYMENT_TARGET = 7.0;
				LD_RUNPATH_SEARCH_PATHS = "$(inherited) @executable_path/Frameworks";
				PRODUCT_NAME = "$(TARGET_NAME)";
				PROVISIONING_PROFILE = "";
			};
			name = Debug;
		};
		99885C741A1A921A0043D837 /* Release */ = {
			isa = XCBuildConfiguration;
			buildSettings = {
				ASSETCATALOG_COMPILER_APPICON_NAME = AppIcon;
				CODE_SIGN_IDENTITY = "iPhone Developer";
				"CODE_SIGN_IDENTITY[sdk=iphoneos*]" = "iPhone Developer";
				INFOPLIST_FILE = ReadInRainbow/Info.plist;
				IPHONEOS_DEPLOYMENT_TARGET = 7.0;
				LD_RUNPATH_SEARCH_PATHS = "$(inherited) @executable_path/Frameworks";
				PRODUCT_NAME = "$(TARGET_NAME)";
				PROVISIONING_PROFILE = "";
			};
			name = Release;
		};
		99885C761A1A921A0043D837 /* Debug */ = {
			isa = XCBuildConfiguration;
			buildSettings = {
				BUNDLE_LOADER = "$(TEST_HOST)";
				CODE_SIGN_IDENTITY = "iPhone Developer";
				FRAMEWORK_SEARCH_PATHS = (
					"$(SDKROOT)/Developer/Library/Frameworks",
					"$(inherited)",
				);
				GCC_PREPROCESSOR_DEFINITIONS = (
					"DEBUG=1",
					"$(inherited)",
				);
				INFOPLIST_FILE = ReadInRainbowTests/Info.plist;
				LD_RUNPATH_SEARCH_PATHS = "$(inherited) @executable_path/Frameworks @loader_path/Frameworks";
				PRODUCT_NAME = "$(TARGET_NAME)";
				TEST_HOST = "$(BUILT_PRODUCTS_DIR)/ReadInRainbow.app/ReadInRainbow";
			};
			name = Debug;
		};
		99885C771A1A921A0043D837 /* Release */ = {
			isa = XCBuildConfiguration;
			buildSettings = {
				BUNDLE_LOADER = "$(TEST_HOST)";
				CODE_SIGN_IDENTITY = "iPhone Developer";
				FRAMEWORK_SEARCH_PATHS = (
					"$(SDKROOT)/Developer/Library/Frameworks",
					"$(inherited)",
				);
				INFOPLIST_FILE = ReadInRainbowTests/Info.plist;
				LD_RUNPATH_SEARCH_PATHS = "$(inherited) @executable_path/Frameworks @loader_path/Frameworks";
				PRODUCT_NAME = "$(TARGET_NAME)";
				TEST_HOST = "$(BUILT_PRODUCTS_DIR)/ReadInRainbow.app/ReadInRainbow";
			};
			name = Release;
		};
/* End XCBuildConfiguration section */

/* Begin XCConfigurationList section */
		99885C4A1A1A921A0043D837 /* Build configuration list for PBXProject "ReadInRainbow" */ = {
			isa = XCConfigurationList;
			buildConfigurations = (
				99885C701A1A921A0043D837 /* Debug */,
				99885C711A1A921A0043D837 /* Release */,
			);
			defaultConfigurationIsVisible = 0;
			defaultConfigurationName = Release;
		};
		99885C721A1A921A0043D837 /* Build configuration list for PBXNativeTarget "ReadInRainbow" */ = {
			isa = XCConfigurationList;
			buildConfigurations = (
				99885C731A1A921A0043D837 /* Debug */,
				99885C741A1A921A0043D837 /* Release */,
			);
			defaultConfigurationIsVisible = 0;
			defaultConfigurationName = Release;
		};
		99885C751A1A921A0043D837 /* Build configuration list for PBXNativeTarget "ReadInRainbowTests" */ = {
			isa = XCConfigurationList;
			buildConfigurations = (
				99885C761A1A921A0043D837 /* Debug */,
				99885C771A1A921A0043D837 /* Release */,
			);
			defaultConfigurationIsVisible = 0;
			defaultConfigurationName = Release;
		};
/* End XCConfigurationList section */
	};
	rootObject = 99885C471A1A921A0043D837 /* Project object */;
}
