<?xml version="1.0" encoding="UTF-8"?>
<!DOCTYPE plist PUBLIC "-//Apple//DTD PLIST 1.0//EN" "http://www.apple.com/DTDs/PropertyList-1.0.dtd">
<plist version="1.0">
<dict>
	<key>archiveVersion</key>
	<string>1</string>
	<key>classes</key>
	<dict/>
	<key>objectVersion</key>
	<string>46</string>
	<key>objects</key>
	<dict>
		<key>0A50B9BDA01DB62BD677E3BB</key>
		<dict>
			<key>includeInIndex</key>
			<string>1</string>
			<key>isa</key>
			<string>PBXFileReference</string>
			<key>lastKnownFileType</key>
			<string>text.xcconfig</string>
			<key>name</key>
			<string>Pods-ReadInRainbow.release.xcconfig</string>
			<key>path</key>
			<string>Pods/Target Support Files/Pods-ReadInRainbow/Pods-ReadInRainbow.release.xcconfig</string>
			<key>sourceTree</key>
			<string>&lt;group&gt;</string>
		</dict>
		<key>0EC5CF1BC2936DBB1E794242</key>
		<dict>
			<key>children</key>
			<array>
				<string>3EA6C3DDF2A81F42C3B3BC6A</string>
			</array>
			<key>isa</key>
			<string>PBXGroup</string>
			<key>name</key>
			<string>Frameworks</string>
			<key>sourceTree</key>
			<string>&lt;group&gt;</string>
		</dict>
		<key>16EC86B01534389CA7CD899F</key>
		<dict>
			<key>fileRef</key>
			<string>3EA6C3DDF2A81F42C3B3BC6A</string>
			<key>isa</key>
			<string>PBXBuildFile</string>
		</dict>
		<key>3440299B7E0D6DEA251278FD</key>
		<dict>
			<key>children</key>
			<array>
				<string>80A76419250FAC0C74429F43</string>
				<string>0A50B9BDA01DB62BD677E3BB</string>
			</array>
			<key>isa</key>
			<string>PBXGroup</string>
			<key>name</key>
			<string>Pods</string>
			<key>sourceTree</key>
			<string>&lt;group&gt;</string>
		</dict>
		<key>3EA6C3DDF2A81F42C3B3BC6A</key>
		<dict>
			<key>explicitFileType</key>
			<string>archive.ar</string>
			<key>includeInIndex</key>
			<string>0</string>
			<key>isa</key>
			<string>PBXFileReference</string>
			<key>path</key>
			<string>libPods-ReadInRainbow.a</string>
			<key>sourceTree</key>
			<string>BUILT_PRODUCTS_DIR</string>
		</dict>
		<key>80A76419250FAC0C74429F43</key>
		<dict>
			<key>includeInIndex</key>
			<string>1</string>
			<key>isa</key>
			<string>PBXFileReference</string>
			<key>lastKnownFileType</key>
			<string>text.xcconfig</string>
			<key>name</key>
			<string>Pods-ReadInRainbow.debug.xcconfig</string>
			<key>path</key>
			<string>Pods/Target Support Files/Pods-ReadInRainbow/Pods-ReadInRainbow.debug.xcconfig</string>
			<key>sourceTree</key>
			<string>&lt;group&gt;</string>
		</dict>
		<key>9915F4E51A1B0E15008A0354</key>
		<dict>
			<key>fileEncoding</key>
			<string>4</string>
			<key>isa</key>
			<string>PBXFileReference</string>
			<key>lastKnownFileType</key>
			<string>sourcecode.c.h</string>
			<key>name</key>
			<string>ColorBlockView.h</string>
			<key>path</key>
			<string>../ColorBlockView.h</string>
			<key>sourceTree</key>
			<string>&lt;group&gt;</string>
		</dict>
		<key>9915F4E61A1B0E15008A0354</key>
		<dict>
			<key>fileEncoding</key>
			<string>4</string>
			<key>isa</key>
			<string>PBXFileReference</string>
			<key>lastKnownFileType</key>
			<string>sourcecode.c.objc</string>
			<key>name</key>
			<string>ColorBlockView.m</string>
			<key>path</key>
			<string>../ColorBlockView.m</string>
			<key>sourceTree</key>
			<string>&lt;group&gt;</string>
		</dict>
		<key>9915F4E71A1B0E15008A0354</key>
		<dict>
			<key>fileRef</key>
			<string>9915F4E61A1B0E15008A0354</string>
			<key>isa</key>
			<string>PBXBuildFile</string>
		</dict>
		<key>991682891A25344D00336AB1</key>
		<dict>
			<key>children</key>
			<array>
				<string>9916828A1A25345600336AB1</string>
				<string>9916828B1A25345600336AB1</string>
				<string>9916828C1A25345600336AB1</string>
			</array>
			<key>isa</key>
			<string>PBXGroup</string>
			<key>name</key>
			<string>GameSounds</string>
			<key>sourceTree</key>
			<string>&lt;group&gt;</string>
		</dict>
		<key>9916828A1A25345600336AB1</key>
		<dict>
			<key>isa</key>
			<string>PBXFileReference</string>
			<key>lastKnownFileType</key>
			<string>audio.wav</string>
			<key>path</key>
			<string>GameOver.wav</string>
			<key>sourceTree</key>
			<string>&lt;group&gt;</string>
		</dict>
		<key>9916828B1A25345600336AB1</key>
		<dict>
			<key>isa</key>
			<string>PBXFileReference</string>
			<key>lastKnownFileType</key>
			<string>audio.wav</string>
			<key>path</key>
			<string>Lose.wav</string>
			<key>sourceTree</key>
			<string>&lt;group&gt;</string>
		</dict>
		<key>9916828C1A25345600336AB1</key>
		<dict>
			<key>isa</key>
			<string>PBXFileReference</string>
			<key>lastKnownFileType</key>
			<string>audio.wav</string>
			<key>path</key>
			<string>Win.wav</string>
			<key>sourceTree</key>
			<string>&lt;group&gt;</string>
		</dict>
		<key>9916828D1A25345600336AB1</key>
		<dict>
			<key>fileRef</key>
			<string>9916828A1A25345600336AB1</string>
			<key>isa</key>
			<string>PBXBuildFile</string>
		</dict>
		<key>9916828E1A25345600336AB1</key>
		<dict>
			<key>fileRef</key>
			<string>9916828B1A25345600336AB1</string>
			<key>isa</key>
			<string>PBXBuildFile</string>
		</dict>
		<key>9916828F1A25345600336AB1</key>
		<dict>
			<key>fileRef</key>
			<string>9916828C1A25345600336AB1</string>
			<key>isa</key>
			<string>PBXBuildFile</string>
		</dict>
		<key>996600441A1AEBFB00A52F0C</key>
		<dict>
			<key>isa</key>
			<string>PBXFileReference</string>
			<key>lastKnownFileType</key>
			<string>wrapper.framework</string>
			<key>name</key>
			<string>AudioToolbox.framework</string>
			<key>path</key>
			<string>System/Library/Frameworks/AudioToolbox.framework</string>
			<key>sourceTree</key>
			<string>SDKROOT</string>
		</dict>
		<key>996600451A1AEBFB00A52F0C</key>
		<dict>
			<key>fileRef</key>
			<string>996600441A1AEBFB00A52F0C</string>
			<key>isa</key>
			<string>PBXBuildFile</string>
		</dict>
		<key>996600461A1AEC1800A52F0C</key>
		<dict>
			<key>isa</key>
			<string>PBXFileReference</string>
			<key>lastKnownFileType</key>
			<string>wrapper.framework</string>
			<key>name</key>
			<string>AVFoundation.framework</string>
			<key>path</key>
			<string>System/Library/Frameworks/AVFoundation.framework</string>
			<key>sourceTree</key>
			<string>SDKROOT</string>
		</dict>
		<key>996600471A1AEC1800A52F0C</key>
		<dict>
			<key>fileRef</key>
			<string>996600461A1AEC1800A52F0C</string>
			<key>isa</key>
			<string>PBXBuildFile</string>
		</dict>
		<key>996600481A1AEC2300A52F0C</key>
		<dict>
			<key>isa</key>
			<string>PBXFileReference</string>
			<key>lastKnownFileType</key>
			<string>wrapper.framework</string>
			<key>name</key>
			<string>UIKit.framework</string>
			<key>path</key>
			<string>System/Library/Frameworks/UIKit.framework</string>
			<key>sourceTree</key>
			<string>SDKROOT</string>
		</dict>
		<key>996600491A1AEC2300A52F0C</key>
		<dict>
			<key>fileRef</key>
			<string>996600481A1AEC2300A52F0C</string>
			<key>isa</key>
			<string>PBXBuildFile</string>
		</dict>
		<key>9966004A1A1AEC3300A52F0C</key>
		<dict>
			<key>isa</key>
			<string>PBXFileReference</string>
			<key>lastKnownFileType</key>
			<string>wrapper.framework</string>
			<key>name</key>
			<string>Foundation.framework</string>
			<key>path</key>
			<string>System/Library/Frameworks/Foundation.framework</string>
			<key>sourceTree</key>
			<string>SDKROOT</string>
		</dict>
		<key>9966004B1A1AEC3300A52F0C</key>
		<dict>
			<key>fileRef</key>
			<string>9966004A1A1AEC3300A52F0C</string>
			<key>isa</key>
			<string>PBXBuildFile</string>
		</dict>
		<key>99885C461A1A921A0043D837</key>
		<dict>
			<key>children</key>
			<array>
				<string>9966004A1A1AEC3300A52F0C</string>
				<string>996600481A1AEC2300A52F0C</string>
				<string>996600461A1AEC1800A52F0C</string>
				<string>996600441A1AEBFB00A52F0C</string>
				<string>99885C511A1A921A0043D837</string>
				<string>99885C6B1A1A921A0043D837</string>
				<string>99885C501A1A921A0043D837</string>
				<string>3440299B7E0D6DEA251278FD</string>
				<string>0EC5CF1BC2936DBB1E794242</string>
			</array>
			<key>isa</key>
			<string>PBXGroup</string>
			<key>sourceTree</key>
			<string>&lt;group&gt;</string>
		</dict>
		<key>99885C471A1A921A0043D837</key>
		<dict>
			<key>attributes</key>
			<dict>
				<key>LastUpgradeCheck</key>
				<string>0610</string>
				<key>ORGANIZATIONNAME</key>
				<string>ajek</string>
				<key>TargetAttributes</key>
				<dict>
					<key>99885C4E1A1A921A0043D837</key>
					<dict>
						<key>CreatedOnToolsVersion</key>
						<string>6.1</string>
						<key>DevelopmentTeam</key>
						<string>R7PALQLS74</string>
					</dict>
					<key>99885C671A1A921A0043D837</key>
					<dict>
						<key>CreatedOnToolsVersion</key>
						<string>6.1</string>
						<key>TestTargetID</key>
						<string>99885C4E1A1A921A0043D837</string>
					</dict>
				</dict>
			</dict>
			<key>buildConfigurationList</key>
			<string>99885C4A1A1A921A0043D837</string>
			<key>compatibilityVersion</key>
			<string>Xcode 3.2</string>
			<key>developmentRegion</key>
			<string>English</string>
			<key>hasScannedForEncodings</key>
			<string>0</string>
			<key>isa</key>
			<string>PBXProject</string>
			<key>knownRegions</key>
			<array>
				<string>en</string>
				<string>Base</string>
			</array>
			<key>mainGroup</key>
			<string>99885C461A1A921A0043D837</string>
			<key>productRefGroup</key>
			<string>99885C501A1A921A0043D837</string>
			<key>projectDirPath</key>
			<string></string>
			<key>projectReferences</key>
			<array/>
			<key>projectRoot</key>
			<string></string>
			<key>targets</key>
			<array>
				<string>99885C4E1A1A921A0043D837</string>
				<string>99885C671A1A921A0043D837</string>
			</array>
		</dict>
		<key>99885C4A1A1A921A0043D837</key>
		<dict>
			<key>buildConfigurations</key>
			<array>
				<string>99885C701A1A921A0043D837</string>
				<string>99885C711A1A921A0043D837</string>
			</array>
			<key>defaultConfigurationIsVisible</key>
			<string>0</string>
			<key>defaultConfigurationName</key>
			<string>Release</string>
			<key>isa</key>
			<string>XCConfigurationList</string>
		</dict>
		<key>99885C4B1A1A921A0043D837</key>
		<dict>
			<key>buildActionMask</key>
			<string>2147483647</string>
			<key>files</key>
			<array>
				<string>CAE9A5BD1A1AD34400898AC3</string>
				<string>99885C5B1A1A921A0043D837</string>
				<string>99C696381A251694007517F1</string>
				<string>9915F4E71A1B0E15008A0354</string>
				<string>99885C7D1A1AA95F0043D837</string>
				<string>99F46EE81A1D544600379256</string>
				<string>99D594831A1C0D87001CFBED</string>
				<string>99F46F401A1E927800379256</string>
				<string>99885C801A1AA9690043D837</string>
				<string>CAE9A5B81A1AD32400898AC3</string>
				<string>99F46EE41A1D3E3000379256</string>
				<string>99F46EDE1A1D253300379256</string>
				<string>99F46EEB1A1D5ED100379256</string>
				<string>CAE9A5B71A1AD32400898AC3</string>
				<string>99885C581A1A921A0043D837</string>
				<string>99A118CD1A265A3D002C9E74</string>
				<string>99885C551A1A921A0043D837</string>
				<string>CAE9A5BE1A1AD34400898AC3</string>
				<string>CA60F0001A1D21F9001DC1D2</string>
				<string>99A118D31A26615A002C9E74</string>
				<string>CA60F0441A1FEFCD001DC1D2</string>
				<string>99F46F451A1EA5D700379256</string>
			</array>
			<key>isa</key>
			<string>PBXSourcesBuildPhase</string>
			<key>runOnlyForDeploymentPostprocessing</key>
			<string>0</string>
		</dict>
		<key>99885C4C1A1A921A0043D837</key>
		<dict>
			<key>buildActionMask</key>
			<string>2147483647</string>
			<key>files</key>
			<array>
				<string>9966004B1A1AEC3300A52F0C</string>
				<string>996600491A1AEC2300A52F0C</string>
				<string>996600471A1AEC1800A52F0C</string>
				<string>996600451A1AEBFB00A52F0C</string>
				<string>16EC86B01534389CA7CD899F</string>
			</array>
			<key>isa</key>
			<string>PBXFrameworksBuildPhase</string>
			<key>runOnlyForDeploymentPostprocessing</key>
			<string>0</string>
		</dict>
		<key>99885C4D1A1A921A0043D837</key>
		<dict>
			<key>buildActionMask</key>
			<string>2147483647</string>
			<key>files</key>
			<array>
				<string>99F46F3A1A1D90FB00379256</string>
				<string>99F46EF41A1D650700379256</string>
				<string>99F46EDB1A1D251500379256</string>
				<string>99F46F0F1A1D657400379256</string>
				<string>99F46F171A1D658700379256</string>
				<string>99F46F331A1D90ED00379256</string>
				<string>99F46F151A1D658300379256</string>
				<string>99885C5E1A1A921A0043D837</string>
				<string>99F46F681A20065C00379256</string>
				<string>99F46EF81A1D651200379256</string>
				<string>99F46EFE1A1D654900379256</string>
				<string>99F46F351A1D90F100379256</string>
				<string>99F46EFB1A1D651A00379256</string>
				<string>99F46EF51A1D650900379256</string>
				<string>99F46F191A1D658B00379256</string>
				<string>99F46F2E1A1D90E200379256</string>
				<string>99885C631A1A921A0043D837</string>
				<string>99F46F111A1D657A00379256</string>
				<string>99F46EFA1A1D651800379256</string>
				<string>CA60F0411A1FEFC0001DC1D2</string>
				<string>99F46EF61A1D650C00379256</string>
				<string>99F46F101A1D657600379256</string>
				<string>99F46F5F1A20064900379256</string>
				<string>99F46EF31A1D650400379256</string>
				<string>99F46F601A20064B00379256</string>
				<string>99F46EFC1A1D652000379256</string>
				<string>99F46EFD1A1D654700379256</string>
				<string>99F46F181A1D658900379256</string>
				<string>99F46F671A20065B00379256</string>
				<string>99F46F091A1D656500379256</string>
				<string>99F46F651A20065700379256</string>
				<string>99F46F021A1D655500379256</string>
				<string>99F46F371A1D90F500379256</string>
				<string>99F46F141A1D658100379256</string>
				<string>99F46F1B1A1D658F00379256</string>
				<string>99F46F031A1D655800379256</string>
				<string>99F46F421A1E928800379256</string>
				<string>99F46F641A20065500379256</string>
				<string>99F46F051A1D655D00379256</string>
				<string>99F46F0C1A1D656D00379256</string>
				<string>99F46F631A20065300379256</string>
				<string>99F46F121A1D657C00379256</string>
				<string>99F46EEE1A1D64E300379256</string>
				<string>99F46F5C1A20064300379256</string>
				<string>99F46EED1A1D5F2500379256</string>
				<string>99F46EF11A1D64FE00379256</string>
				<string>99F46F361A1D90F300379256</string>
				<string>99F46F311A1D90E900379256</string>
				<string>99F46F5E1A20064700379256</string>
				<string>99F46F5A1A20063F00379256</string>
				<string>9916828F1A25345600336AB1</string>
				<string>99F46F321A1D90EB00379256</string>
				<string>99F46F061A1D655F00379256</string>
				<string>99F46F0B1A1D656900379256</string>
				<string>CA60EFFD1A1D21CB001DC1D2</string>
				<string>99F46F611A20064D00379256</string>
				<string>99F46EFF1A1D654B00379256</string>
				<string>99F46EF01A1D64F900379256</string>
				<string>99F46F041A1D655B00379256</string>
				<string>99F46F1F1A1D6A8700379256</string>
				<string>99F46F381A1D90F700379256</string>
				<string>99885C601A1A921A0043D837</string>
				<string>99F46F0E1A1D657200379256</string>
				<string>99F46F5D1A20064500379256</string>
				<string>9916828D1A25345600336AB1</string>
				<string>99F46F621A20065000379256</string>
				<string>99F46F341A1D90EF00379256</string>
				<string>99F46F011A1D655100379256</string>
				<string>99F46F081A1D656300379256</string>
				<string>99F46F001A1D654F00379256</string>
				<string>99F46EF21A1D650100379256</string>
				<string>99F46F2F1A1D90E400379256</string>
				<string>99F46F0A1A1D656700379256</string>
				<string>99F46F661A20065900379256</string>
				<string>99F46F1D1A1D659300379256</string>
				<string>99F46F5B1A20064100379256</string>
				<string>99F46F1C1A1D659100379256</string>
				<string>99F46F071A1D656100379256</string>
				<string>99F46F0D1A1D656F00379256</string>
				<string>99F46F301A1D90E600379256</string>
				<string>99F46F691A20065E00379256</string>
				<string>99F46F391A1D90F900379256</string>
				<string>99F46F131A1D657F00379256</string>
				<string>99F46EF91A1D651500379256</string>
				<string>9916828E1A25345600336AB1</string>
				<string>99F46F1A1A1D658D00379256</string>
				<string>99F46EEF1A1D64E800379256</string>
				<string>99F46EF71A1D650E00379256</string>
				<string>99F46F161A1D658500379256</string>
			</array>
			<key>isa</key>
			<string>PBXResourcesBuildPhase</string>
			<key>runOnlyForDeploymentPostprocessing</key>
			<string>0</string>
		</dict>
		<key>99885C4E1A1A921A0043D837</key>
		<dict>
			<key>buildConfigurationList</key>
			<string>99885C721A1A921A0043D837</string>
			<key>buildPhases</key>
			<array>
				<string>9E8CCFB15D7ADAEDA3E623C1</string>
				<string>99885C4B1A1A921A0043D837</string>
				<string>99885C4C1A1A921A0043D837</string>
				<string>99885C4D1A1A921A0043D837</string>
				<string>AE774361947822CF697949D4</string>
			</array>
			<key>buildRules</key>
			<array/>
			<key>dependencies</key>
			<array/>
			<key>isa</key>
			<string>PBXNativeTarget</string>
			<key>name</key>
			<string>ReadInRainbow</string>
			<key>productName</key>
			<string>ReadInRainbow</string>
			<key>productReference</key>
			<string>99885C4F1A1A921A0043D837</string>
			<key>productType</key>
			<string>com.apple.product-type.application</string>
		</dict>
		<key>99885C4F1A1A921A0043D837</key>
		<dict>
			<key>explicitFileType</key>
			<string>wrapper.application</string>
			<key>includeInIndex</key>
			<string>0</string>
			<key>isa</key>
			<string>PBXFileReference</string>
			<key>path</key>
			<string>ReadInRainbow.app</string>
			<key>sourceTree</key>
			<string>BUILT_PRODUCTS_DIR</string>
		</dict>
		<key>99885C501A1A921A0043D837</key>
		<dict>
			<key>children</key>
			<array>
				<string>99885C4F1A1A921A0043D837</string>
				<string>99885C681A1A921A0043D837</string>
			</array>
			<key>isa</key>
			<string>PBXGroup</string>
			<key>name</key>
			<string>Products</string>
			<key>sourceTree</key>
			<string>&lt;group&gt;</string>
		</dict>
		<key>99885C511A1A921A0043D837</key>
		<dict>
			<key>children</key>
			<array>
				<string>99885C561A1A921A0043D837</string>
				<string>99885C571A1A921A0043D837</string>
				<string>99885C5F1A1A921A0043D837</string>
				<string>99885C611A1A921A0043D837</string>
				<string>99F46F491A1ED86500379256</string>
				<string>99F46F471A1ED83F00379256</string>
				<string>99F46F461A1ED82A00379256</string>
				<string>99885C521A1A921A0043D837</string>
			</array>
			<key>isa</key>
			<string>PBXGroup</string>
			<key>path</key>
			<string>ReadInRainbow</string>
			<key>sourceTree</key>
			<string>&lt;group&gt;</string>
		</dict>
		<key>99885C521A1A921A0043D837</key>
		<dict>
			<key>children</key>
			<array>
				<string>991682891A25344D00336AB1</string>
				<string>99F46F201A1D8D5400379256</string>
				<string>CAD608DC1A1BD57100D2E16C</string>
				<string>CAD608DD1A1BD57100D2E16C</string>
				<string>CAD608DE1A1BD57100D2E16C</string>
				<string>CAD608DF1A1BD57100D2E16C</string>
				<string>CAD608E01A1BD57100D2E16C</string>
				<string>CAD608E11A1BD57100D2E16C</string>
				<string>CAD608E21A1BD57100D2E16C</string>
				<string>CAD608E31A1BD57100D2E16C</string>
				<string>CAD608E41A1BD57100D2E16C</string>
				<string>CAD608E51A1BD57100D2E16C</string>
				<string>CAD608E61A1BD57100D2E16C</string>
				<string>CAD608E71A1BD57100D2E16C</string>
				<string>CAD608E81A1BD57100D2E16C</string>
				<string>CAD608E91A1BD57100D2E16C</string>
				<string>CAD608EA1A1BD57100D2E16C</string>
				<string>CAD608EB1A1BD57100D2E16C</string>
				<string>CAD608EC1A1BD57100D2E16C</string>
				<string>CAD608ED1A1BD57100D2E16C</string>
				<string>CA60EFFB1A1BE132001DC1D2</string>
				<string>CAD608EF1A1BD57100D2E16C</string>
				<string>CAD608F01A1BD57100D2E16C</string>
				<string>CAD608F11A1BD57100D2E16C</string>
				<string>CAD608F21A1BD57100D2E16C</string>
				<string>CAD608F31A1BD57100D2E16C</string>
				<string>CAD608F41A1BD57100D2E16C</string>
				<string>CAD608F51A1BD57100D2E16C</string>
				<string>CAD608F61A1BD57100D2E16C</string>
				<string>CAD608F71A1BD57100D2E16C</string>
				<string>CAD608F81A1BD57100D2E16C</string>
				<string>CAD608F91A1BD57100D2E16C</string>
				<string>CAD608FA1A1BD57100D2E16C</string>
				<string>CAD608FB1A1BD57100D2E16C</string>
				<string>CAD608FC1A1BD57100D2E16C</string>
				<string>CAD608FD1A1BD57100D2E16C</string>
				<string>CAD608FE1A1BD57100D2E16C</string>
				<string>CAD608FF1A1BD57100D2E16C</string>
				<string>CAD609001A1BD57100D2E16C</string>
				<string>CAD609011A1BD57100D2E16C</string>
				<string>CAD609021A1BD57100D2E16C</string>
				<string>CAD609031A1BD57100D2E16C</string>
				<string>CAD609041A1BD57100D2E16C</string>
				<string>CAD609051A1BD57100D2E16C</string>
				<string>CAD609061A1BD57100D2E16C</string>
				<string>CAD609071A1BD57100D2E16C</string>
				<string>CAD609081A1BD57100D2E16C</string>
				<string>CAD609091A1BD57100D2E16C</string>
				<string>CAD6090A1A1BD57100D2E16C</string>
				<string>CAD6090B1A1BD57100D2E16C</string>
				<string>99885C531A1A921A0043D837</string>
				<string>99885C541A1A921A0043D837</string>
			</array>
			<key>isa</key>
			<string>PBXGroup</string>
			<key>name</key>
			<string>Supporting Files</string>
			<key>sourceTree</key>
			<string>&lt;group&gt;</string>
		</dict>
		<key>99885C531A1A921A0043D837</key>
		<dict>
			<key>isa</key>
			<string>PBXFileReference</string>
			<key>lastKnownFileType</key>
			<string>text.plist.xml</string>
			<key>path</key>
			<string>Info.plist</string>
			<key>sourceTree</key>
			<string>&lt;group&gt;</string>
		</dict>
		<key>99885C541A1A921A0043D837</key>
		<dict>
			<key>isa</key>
			<string>PBXFileReference</string>
			<key>lastKnownFileType</key>
			<string>sourcecode.c.objc</string>
			<key>path</key>
			<string>main.m</string>
			<key>sourceTree</key>
			<string>&lt;group&gt;</string>
		</dict>
		<key>99885C551A1A921A0043D837</key>
		<dict>
			<key>fileRef</key>
			<string>99885C541A1A921A0043D837</string>
			<key>isa</key>
			<string>PBXBuildFile</string>
		</dict>
		<key>99885C561A1A921A0043D837</key>
		<dict>
			<key>isa</key>
			<string>PBXFileReference</string>
			<key>lastKnownFileType</key>
			<string>sourcecode.c.h</string>
			<key>path</key>
			<string>AppDelegate.h</string>
			<key>sourceTree</key>
			<string>&lt;group&gt;</string>
		</dict>
		<key>99885C571A1A921A0043D837</key>
		<dict>
			<key>isa</key>
			<string>PBXFileReference</string>
			<key>lastKnownFileType</key>
			<string>sourcecode.c.objc</string>
			<key>path</key>
			<string>AppDelegate.m</string>
			<key>sourceTree</key>
			<string>&lt;group&gt;</string>
		</dict>
		<key>99885C581A1A921A0043D837</key>
		<dict>
			<key>fileRef</key>
			<string>99885C571A1A921A0043D837</string>
			<key>isa</key>
			<string>PBXBuildFile</string>
		</dict>
		<key>99885C591A1A921A0043D837</key>
		<dict>
			<key>isa</key>
			<string>PBXFileReference</string>
			<key>lastKnownFileType</key>
			<string>sourcecode.c.h</string>
			<key>path</key>
			<string>MainViewController.h</string>
			<key>sourceTree</key>
			<string>&lt;group&gt;</string>
		</dict>
		<key>99885C5A1A1A921A0043D837</key>
		<dict>
			<key>isa</key>
			<string>PBXFileReference</string>
			<key>lastKnownFileType</key>
			<string>sourcecode.c.objc</string>
			<key>path</key>
			<string>MainViewController.m</string>
			<key>sourceTree</key>
			<string>&lt;group&gt;</string>
		</dict>
		<key>99885C5B1A1A921A0043D837</key>
		<dict>
			<key>fileRef</key>
			<string>99885C5A1A1A921A0043D837</string>
			<key>isa</key>
			<string>PBXBuildFile</string>
		</dict>
		<key>99885C5C1A1A921A0043D837</key>
		<dict>
			<key>children</key>
			<array>
				<string>99885C5D1A1A921A0043D837</string>
			</array>
			<key>isa</key>
			<string>PBXVariantGroup</string>
			<key>name</key>
			<string>Main.storyboard</string>
			<key>sourceTree</key>
			<string>&lt;group&gt;</string>
		</dict>
		<key>99885C5D1A1A921A0043D837</key>
		<dict>
			<key>isa</key>
			<string>PBXFileReference</string>
			<key>lastKnownFileType</key>
			<string>file.storyboard</string>
			<key>name</key>
			<string>Base</string>
			<key>path</key>
			<string>Base.lproj/Main.storyboard</string>
			<key>sourceTree</key>
			<string>&lt;group&gt;</string>
		</dict>
		<key>99885C5E1A1A921A0043D837</key>
		<dict>
			<key>fileRef</key>
			<string>99885C5C1A1A921A0043D837</string>
			<key>isa</key>
			<string>PBXBuildFile</string>
		</dict>
		<key>99885C5F1A1A921A0043D837</key>
		<dict>
			<key>isa</key>
			<string>PBXFileReference</string>
			<key>lastKnownFileType</key>
			<string>folder.assetcatalog</string>
			<key>path</key>
			<string>Images.xcassets</string>
			<key>sourceTree</key>
			<string>&lt;group&gt;</string>
		</dict>
		<key>99885C601A1A921A0043D837</key>
		<dict>
			<key>fileRef</key>
			<string>99885C5F1A1A921A0043D837</string>
			<key>isa</key>
			<string>PBXBuildFile</string>
		</dict>
		<key>99885C611A1A921A0043D837</key>
		<dict>
			<key>children</key>
			<array>
				<string>99885C621A1A921A0043D837</string>
			</array>
			<key>isa</key>
			<string>PBXVariantGroup</string>
			<key>name</key>
			<string>LaunchScreen.xib</string>
			<key>sourceTree</key>
			<string>&lt;group&gt;</string>
		</dict>
		<key>99885C621A1A921A0043D837</key>
		<dict>
			<key>isa</key>
			<string>PBXFileReference</string>
			<key>lastKnownFileType</key>
			<string>file.xib</string>
			<key>name</key>
			<string>Base</string>
			<key>path</key>
			<string>Base.lproj/LaunchScreen.xib</string>
			<key>sourceTree</key>
			<string>&lt;group&gt;</string>
		</dict>
		<key>99885C631A1A921A0043D837</key>
		<dict>
			<key>fileRef</key>
			<string>99885C611A1A921A0043D837</string>
			<key>isa</key>
			<string>PBXBuildFile</string>
		</dict>
		<key>99885C641A1A921A0043D837</key>
		<dict>
			<key>buildActionMask</key>
			<string>2147483647</string>
			<key>files</key>
			<array>
				<string>99885C6F1A1A921A0043D837</string>
			</array>
			<key>isa</key>
			<string>PBXSourcesBuildPhase</string>
			<key>runOnlyForDeploymentPostprocessing</key>
			<string>0</string>
		</dict>
		<key>99885C651A1A921A0043D837</key>
		<dict>
			<key>buildActionMask</key>
			<string>2147483647</string>
			<key>files</key>
			<array/>
			<key>isa</key>
			<string>PBXFrameworksBuildPhase</string>
			<key>runOnlyForDeploymentPostprocessing</key>
			<string>0</string>
		</dict>
		<key>99885C661A1A921A0043D837</key>
		<dict>
			<key>buildActionMask</key>
			<string>2147483647</string>
			<key>files</key>
			<array/>
			<key>isa</key>
			<string>PBXResourcesBuildPhase</string>
			<key>runOnlyForDeploymentPostprocessing</key>
			<string>0</string>
		</dict>
		<key>99885C671A1A921A0043D837</key>
		<dict>
			<key>buildConfigurationList</key>
			<string>99885C751A1A921A0043D837</string>
			<key>buildPhases</key>
			<array>
				<string>99885C641A1A921A0043D837</string>
				<string>99885C651A1A921A0043D837</string>
				<string>99885C661A1A921A0043D837</string>
			</array>
			<key>buildRules</key>
			<array/>
			<key>dependencies</key>
			<array>
				<string>99885C6A1A1A921A0043D837</string>
			</array>
			<key>isa</key>
			<string>PBXNativeTarget</string>
			<key>name</key>
			<string>ReadInRainbowTests</string>
			<key>productName</key>
			<string>ReadInRainbowTests</string>
			<key>productReference</key>
			<string>99885C681A1A921A0043D837</string>
			<key>productType</key>
			<string>com.apple.product-type.bundle.unit-test</string>
		</dict>
		<key>99885C681A1A921A0043D837</key>
		<dict>
			<key>explicitFileType</key>
			<string>wrapper.cfbundle</string>
			<key>includeInIndex</key>
			<string>0</string>
			<key>isa</key>
			<string>PBXFileReference</string>
			<key>path</key>
			<string>ReadInRainbowTests.xctest</string>
			<key>sourceTree</key>
			<string>BUILT_PRODUCTS_DIR</string>
		</dict>
		<key>99885C691A1A921A0043D837</key>
		<dict>
			<key>containerPortal</key>
			<string>99885C471A1A921A0043D837</string>
			<key>isa</key>
			<string>PBXContainerItemProxy</string>
			<key>proxyType</key>
			<string>1</string>
			<key>remoteGlobalIDString</key>
			<string>99885C4E1A1A921A0043D837</string>
			<key>remoteInfo</key>
			<string>ReadInRainbow</string>
		</dict>
		<key>99885C6A1A1A921A0043D837</key>
		<dict>
			<key>isa</key>
			<string>PBXTargetDependency</string>
			<key>target</key>
			<string>99885C4E1A1A921A0043D837</string>
			<key>targetProxy</key>
			<string>99885C691A1A921A0043D837</string>
		</dict>
		<key>99885C6B1A1A921A0043D837</key>
		<dict>
			<key>children</key>
			<array>
				<string>99885C6E1A1A921A0043D837</string>
				<string>99885C6C1A1A921A0043D837</string>
			</array>
			<key>isa</key>
			<string>PBXGroup</string>
			<key>path</key>
			<string>ReadInRainbowTests</string>
			<key>sourceTree</key>
			<string>&lt;group&gt;</string>
		</dict>
		<key>99885C6C1A1A921A0043D837</key>
		<dict>
			<key>children</key>
			<array>
				<string>99885C6D1A1A921A0043D837</string>
			</array>
			<key>isa</key>
			<string>PBXGroup</string>
			<key>name</key>
			<string>Supporting Files</string>
			<key>sourceTree</key>
			<string>&lt;group&gt;</string>
		</dict>
		<key>99885C6D1A1A921A0043D837</key>
		<dict>
			<key>isa</key>
			<string>PBXFileReference</string>
			<key>lastKnownFileType</key>
			<string>text.plist.xml</string>
			<key>path</key>
			<string>Info.plist</string>
			<key>sourceTree</key>
			<string>&lt;group&gt;</string>
		</dict>
		<key>99885C6E1A1A921A0043D837</key>
		<dict>
			<key>isa</key>
			<string>PBXFileReference</string>
			<key>lastKnownFileType</key>
			<string>sourcecode.c.objc</string>
			<key>path</key>
			<string>ReadInRainbowTests.m</string>
			<key>sourceTree</key>
			<string>&lt;group&gt;</string>
		</dict>
		<key>99885C6F1A1A921A0043D837</key>
		<dict>
			<key>fileRef</key>
			<string>99885C6E1A1A921A0043D837</string>
			<key>isa</key>
			<string>PBXBuildFile</string>
		</dict>
		<key>99885C701A1A921A0043D837</key>
		<dict>
			<key>buildSettings</key>
			<dict>
				<key>ALWAYS_SEARCH_USER_PATHS</key>
				<string>NO</string>
				<key>CLANG_CXX_LANGUAGE_STANDARD</key>
				<string>gnu++0x</string>
				<key>CLANG_CXX_LIBRARY</key>
				<string>libc++</string>
				<key>CLANG_ENABLE_MODULES</key>
				<string>YES</string>
				<key>CLANG_ENABLE_OBJC_ARC</key>
				<string>YES</string>
				<key>CLANG_WARN_BOOL_CONVERSION</key>
				<string>YES</string>
				<key>CLANG_WARN_CONSTANT_CONVERSION</key>
				<string>YES</string>
				<key>CLANG_WARN_DIRECT_OBJC_ISA_USAGE</key>
				<string>YES_ERROR</string>
				<key>CLANG_WARN_EMPTY_BODY</key>
				<string>YES</string>
				<key>CLANG_WARN_ENUM_CONVERSION</key>
				<string>YES</string>
				<key>CLANG_WARN_INT_CONVERSION</key>
				<string>YES</string>
				<key>CLANG_WARN_OBJC_ROOT_CLASS</key>
				<string>YES_ERROR</string>
				<key>CLANG_WARN_UNREACHABLE_CODE</key>
				<string>YES</string>
				<key>CLANG_WARN__DUPLICATE_METHOD_MATCH</key>
				<string>YES</string>
				<key>CODE_SIGN_IDENTITY[sdk=iphoneos*]</key>
				<string>iPhone Developer</string>
				<key>COPY_PHASE_STRIP</key>
				<string>NO</string>
				<key>ENABLE_STRICT_OBJC_MSGSEND</key>
				<string>YES</string>
				<key>GCC_C_LANGUAGE_STANDARD</key>
				<string>gnu99</string>
				<key>GCC_DYNAMIC_NO_PIC</key>
				<string>NO</string>
				<key>GCC_OPTIMIZATION_LEVEL</key>
				<string>0</string>
				<key>GCC_PREPROCESSOR_DEFINITIONS</key>
				<array>
					<string>DEBUG=1</string>
					<string>$(inherited)</string>
				</array>
				<key>GCC_SYMBOLS_PRIVATE_EXTERN</key>
				<string>NO</string>
				<key>GCC_WARN_64_TO_32_BIT_CONVERSION</key>
				<string>YES</string>
				<key>GCC_WARN_ABOUT_RETURN_TYPE</key>
				<string>YES_ERROR</string>
				<key>GCC_WARN_UNDECLARED_SELECTOR</key>
				<string>YES</string>
				<key>GCC_WARN_UNINITIALIZED_AUTOS</key>
				<string>YES_AGGRESSIVE</string>
				<key>GCC_WARN_UNUSED_FUNCTION</key>
				<string>YES</string>
				<key>GCC_WARN_UNUSED_VARIABLE</key>
				<string>YES</string>
				<key>IPHONEOS_DEPLOYMENT_TARGET</key>
				<string>8.1</string>
				<key>MTL_ENABLE_DEBUG_INFO</key>
				<string>YES</string>
				<key>ONLY_ACTIVE_ARCH</key>
				<string>YES</string>
				<key>SDKROOT</key>
				<string>iphoneos</string>
				<key>TARGETED_DEVICE_FAMILY</key>
				<string>1,2</string>
			</dict>
			<key>isa</key>
			<string>XCBuildConfiguration</string>
			<key>name</key>
			<string>Debug</string>
		</dict>
		<key>99885C711A1A921A0043D837</key>
		<dict>
			<key>buildSettings</key>
			<dict>
				<key>ALWAYS_SEARCH_USER_PATHS</key>
				<string>NO</string>
				<key>CLANG_CXX_LANGUAGE_STANDARD</key>
				<string>gnu++0x</string>
				<key>CLANG_CXX_LIBRARY</key>
				<string>libc++</string>
				<key>CLANG_ENABLE_MODULES</key>
				<string>YES</string>
				<key>CLANG_ENABLE_OBJC_ARC</key>
				<string>YES</string>
				<key>CLANG_WARN_BOOL_CONVERSION</key>
				<string>YES</string>
				<key>CLANG_WARN_CONSTANT_CONVERSION</key>
				<string>YES</string>
				<key>CLANG_WARN_DIRECT_OBJC_ISA_USAGE</key>
				<string>YES_ERROR</string>
				<key>CLANG_WARN_EMPTY_BODY</key>
				<string>YES</string>
				<key>CLANG_WARN_ENUM_CONVERSION</key>
				<string>YES</string>
				<key>CLANG_WARN_INT_CONVERSION</key>
				<string>YES</string>
				<key>CLANG_WARN_OBJC_ROOT_CLASS</key>
				<string>YES_ERROR</string>
				<key>CLANG_WARN_UNREACHABLE_CODE</key>
				<string>YES</string>
				<key>CLANG_WARN__DUPLICATE_METHOD_MATCH</key>
				<string>YES</string>
				<key>CODE_SIGN_IDENTITY[sdk=iphoneos*]</key>
				<string>iPhone Developer</string>
				<key>COPY_PHASE_STRIP</key>
				<string>YES</string>
				<key>ENABLE_NS_ASSERTIONS</key>
				<string>NO</string>
				<key>ENABLE_STRICT_OBJC_MSGSEND</key>
				<string>YES</string>
				<key>GCC_C_LANGUAGE_STANDARD</key>
				<string>gnu99</string>
				<key>GCC_WARN_64_TO_32_BIT_CONVERSION</key>
				<string>YES</string>
				<key>GCC_WARN_ABOUT_RETURN_TYPE</key>
				<string>YES_ERROR</string>
				<key>GCC_WARN_UNDECLARED_SELECTOR</key>
				<string>YES</string>
				<key>GCC_WARN_UNINITIALIZED_AUTOS</key>
				<string>YES_AGGRESSIVE</string>
				<key>GCC_WARN_UNUSED_FUNCTION</key>
				<string>YES</string>
				<key>GCC_WARN_UNUSED_VARIABLE</key>
				<string>YES</string>
				<key>IPHONEOS_DEPLOYMENT_TARGET</key>
				<string>8.1</string>
				<key>MTL_ENABLE_DEBUG_INFO</key>
				<string>NO</string>
				<key>SDKROOT</key>
				<string>iphoneos</string>
				<key>TARGETED_DEVICE_FAMILY</key>
				<string>1,2</string>
				<key>VALIDATE_PRODUCT</key>
				<string>YES</string>
			</dict>
			<key>isa</key>
			<string>XCBuildConfiguration</string>
			<key>name</key>
			<string>Release</string>
		</dict>
		<key>99885C721A1A921A0043D837</key>
		<dict>
			<key>buildConfigurations</key>
			<array>
				<string>99885C731A1A921A0043D837</string>
				<string>99885C741A1A921A0043D837</string>
			</array>
			<key>defaultConfigurationIsVisible</key>
			<string>0</string>
			<key>defaultConfigurationName</key>
			<string>Release</string>
			<key>isa</key>
			<string>XCConfigurationList</string>
		</dict>
		<key>99885C731A1A921A0043D837</key>
		<dict>
			<key>baseConfigurationReference</key>
			<string>80A76419250FAC0C74429F43</string>
			<key>buildSettings</key>
			<dict>
				<key>ASSETCATALOG_COMPILER_APPICON_NAME</key>
				<string>AppIcon</string>
				<key>CODE_SIGN_IDENTITY</key>
				<string>iPhone Developer</string>
				<key>CODE_SIGN_IDENTITY[sdk=iphoneos*]</key>
				<string>iPhone Developer</string>
				<key>INFOPLIST_FILE</key>
				<string>ReadInRainbow/Info.plist</string>
				<key>IPHONEOS_DEPLOYMENT_TARGET</key>
				<string>8.0</string>
				<key>LD_RUNPATH_SEARCH_PATHS</key>
				<string>$(inherited) @executable_path/Frameworks</string>
				<key>PRODUCT_NAME</key>
				<string>$(TARGET_NAME)</string>
				<key>PROVISIONING_PROFILE</key>
				<string></string>
				<key>TARGETED_DEVICE_FAMILY</key>
				<string>2</string>
			</dict>
			<key>isa</key>
			<string>XCBuildConfiguration</string>
			<key>name</key>
			<string>Debug</string>
		</dict>
		<key>99885C741A1A921A0043D837</key>
		<dict>
			<key>baseConfigurationReference</key>
			<string>0A50B9BDA01DB62BD677E3BB</string>
			<key>buildSettings</key>
			<dict>
				<key>ASSETCATALOG_COMPILER_APPICON_NAME</key>
				<string>AppIcon</string>
				<key>CODE_SIGN_IDENTITY</key>
				<string>iPhone Developer</string>
				<key>CODE_SIGN_IDENTITY[sdk=iphoneos*]</key>
				<string>iPhone Developer</string>
				<key>INFOPLIST_FILE</key>
				<string>ReadInRainbow/Info.plist</string>
				<key>IPHONEOS_DEPLOYMENT_TARGET</key>
				<string>8.0</string>
				<key>LD_RUNPATH_SEARCH_PATHS</key>
				<string>$(inherited) @executable_path/Frameworks</string>
				<key>PRODUCT_NAME</key>
				<string>$(TARGET_NAME)</string>
				<key>PROVISIONING_PROFILE</key>
				<string></string>
				<key>TARGETED_DEVICE_FAMILY</key>
				<string>2</string>
			</dict>
			<key>isa</key>
			<string>XCBuildConfiguration</string>
			<key>name</key>
			<string>Release</string>
		</dict>
		<key>99885C751A1A921A0043D837</key>
		<dict>
			<key>buildConfigurations</key>
			<array>
				<string>99885C761A1A921A0043D837</string>
				<string>99885C771A1A921A0043D837</string>
			</array>
			<key>defaultConfigurationIsVisible</key>
			<string>0</string>
			<key>defaultConfigurationName</key>
			<string>Release</string>
			<key>isa</key>
			<string>XCConfigurationList</string>
		</dict>
		<key>99885C761A1A921A0043D837</key>
		<dict>
			<key>buildSettings</key>
			<dict>
				<key>BUNDLE_LOADER</key>
				<string>$(TEST_HOST)</string>
				<key>CODE_SIGN_IDENTITY</key>
				<string>iPhone Developer</string>
				<key>FRAMEWORK_SEARCH_PATHS</key>
				<array>
					<string>$(SDKROOT)/Developer/Library/Frameworks</string>
					<string>$(inherited)</string>
				</array>
				<key>GCC_PREPROCESSOR_DEFINITIONS</key>
				<array>
					<string>DEBUG=1</string>
					<string>$(inherited)</string>
				</array>
				<key>INFOPLIST_FILE</key>
				<string>ReadInRainbowTests/Info.plist</string>
				<key>LD_RUNPATH_SEARCH_PATHS</key>
				<string>$(inherited) @executable_path/Frameworks @loader_path/Frameworks</string>
				<key>PRODUCT_NAME</key>
				<string>$(TARGET_NAME)</string>
				<key>TEST_HOST</key>
				<string>$(BUILT_PRODUCTS_DIR)/ReadInRainbow.app/ReadInRainbow</string>
			</dict>
			<key>isa</key>
			<string>XCBuildConfiguration</string>
			<key>name</key>
			<string>Debug</string>
		</dict>
		<key>99885C771A1A921A0043D837</key>
		<dict>
			<key>buildSettings</key>
			<dict>
				<key>BUNDLE_LOADER</key>
				<string>$(TEST_HOST)</string>
				<key>CODE_SIGN_IDENTITY</key>
				<string>iPhone Developer</string>
				<key>FRAMEWORK_SEARCH_PATHS</key>
				<array>
					<string>$(SDKROOT)/Developer/Library/Frameworks</string>
					<string>$(inherited)</string>
				</array>
				<key>INFOPLIST_FILE</key>
				<string>ReadInRainbowTests/Info.plist</string>
				<key>LD_RUNPATH_SEARCH_PATHS</key>
				<string>$(inherited) @executable_path/Frameworks @loader_path/Frameworks</string>
				<key>PRODUCT_NAME</key>
				<string>$(TARGET_NAME)</string>
				<key>TEST_HOST</key>
				<string>$(BUILT_PRODUCTS_DIR)/ReadInRainbow.app/ReadInRainbow</string>
			</dict>
			<key>isa</key>
			<string>XCBuildConfiguration</string>
			<key>name</key>
			<string>Release</string>
		</dict>
		<key>99885C7B1A1AA95F0043D837</key>
		<dict>
			<key>fileEncoding</key>
			<string>4</string>
			<key>isa</key>
			<string>PBXFileReference</string>
			<key>lastKnownFileType</key>
			<string>sourcecode.c.h</string>
			<key>name</key>
			<string>ChartCell.h</string>
			<key>path</key>
			<string>../ChartCell.h</string>
			<key>sourceTree</key>
			<string>&lt;group&gt;</string>
		</dict>
		<key>99885C7C1A1AA95F0043D837</key>
		<dict>
			<key>fileEncoding</key>
			<string>4</string>
			<key>isa</key>
			<string>PBXFileReference</string>
			<key>lastKnownFileType</key>
			<string>sourcecode.c.objc</string>
			<key>name</key>
			<string>ChartCell.m</string>
			<key>path</key>
			<string>../ChartCell.m</string>
			<key>sourceTree</key>
			<string>&lt;group&gt;</string>
		</dict>
		<key>99885C7D1A1AA95F0043D837</key>
		<dict>
			<key>fileRef</key>
			<string>99885C7C1A1AA95F0043D837</string>
			<key>isa</key>
			<string>PBXBuildFile</string>
		</dict>
		<key>99885C7E1A1AA9690043D837</key>
		<dict>
			<key>fileEncoding</key>
			<string>4</string>
			<key>isa</key>
			<string>PBXFileReference</string>
			<key>lastKnownFileType</key>
			<string>sourcecode.c.h</string>
			<key>name</key>
			<string>GameCell.h</string>
			<key>path</key>
			<string>../GameCell.h</string>
			<key>sourceTree</key>
			<string>&lt;group&gt;</string>
		</dict>
		<key>99885C7F1A1AA9690043D837</key>
		<dict>
			<key>fileEncoding</key>
			<string>4</string>
			<key>isa</key>
			<string>PBXFileReference</string>
			<key>lastKnownFileType</key>
			<string>sourcecode.c.objc</string>
			<key>name</key>
			<string>GameCell.m</string>
			<key>path</key>
			<string>../GameCell.m</string>
			<key>sourceTree</key>
			<string>&lt;group&gt;</string>
		</dict>
		<key>99885C801A1AA9690043D837</key>
		<dict>
			<key>fileRef</key>
			<string>99885C7F1A1AA9690043D837</string>
			<key>isa</key>
			<string>PBXBuildFile</string>
		</dict>
		<key>99A118CB1A265A3D002C9E74</key>
		<dict>
			<key>fileEncoding</key>
			<string>4</string>
			<key>isa</key>
			<string>PBXFileReference</string>
			<key>lastKnownFileType</key>
			<string>sourcecode.c.h</string>
			<key>path</key>
			<string>UIView+Shake.h</string>
			<key>sourceTree</key>
			<string>&lt;group&gt;</string>
		</dict>
		<key>99A118CC1A265A3D002C9E74</key>
		<dict>
			<key>fileEncoding</key>
			<string>4</string>
			<key>isa</key>
			<string>PBXFileReference</string>
			<key>lastKnownFileType</key>
			<string>sourcecode.c.objc</string>
			<key>path</key>
			<string>UIView+Shake.m</string>
			<key>sourceTree</key>
			<string>&lt;group&gt;</string>
		</dict>
		<key>99A118CD1A265A3D002C9E74</key>
		<dict>
			<key>fileRef</key>
			<string>99A118CC1A265A3D002C9E74</string>
			<key>isa</key>
			<string>PBXBuildFile</string>
		</dict>
		<key>99A118D11A26615A002C9E74</key>
		<dict>
			<key>fileEncoding</key>
			<string>4</string>
			<key>isa</key>
			<string>PBXFileReference</string>
			<key>lastKnownFileType</key>
			<string>sourcecode.c.h</string>
			<key>path</key>
			<string>DragCell.h</string>
			<key>sourceTree</key>
			<string>&lt;group&gt;</string>
		</dict>
		<key>99A118D21A26615A002C9E74</key>
		<dict>
			<key>fileEncoding</key>
			<string>4</string>
			<key>isa</key>
			<string>PBXFileReference</string>
			<key>lastKnownFileType</key>
			<string>sourcecode.c.objc</string>
			<key>path</key>
			<string>DragCell.m</string>
			<key>sourceTree</key>
			<string>&lt;group&gt;</string>
		</dict>
		<key>99A118D31A26615A002C9E74</key>
		<dict>
			<key>fileRef</key>
			<string>99A118D21A26615A002C9E74</string>
			<key>isa</key>
			<string>PBXBuildFile</string>
		</dict>
		<key>99C696361A251694007517F1</key>
		<dict>
			<key>fileEncoding</key>
			<string>4</string>
			<key>isa</key>
			<string>PBXFileReference</string>
			<key>lastKnownFileType</key>
			<string>sourcecode.c.h</string>
			<key>path</key>
			<string>DragColorView.h</string>
			<key>sourceTree</key>
			<string>&lt;group&gt;</string>
		</dict>
		<key>99C696371A251694007517F1</key>
		<dict>
			<key>fileEncoding</key>
			<string>4</string>
			<key>isa</key>
			<string>PBXFileReference</string>
			<key>lastKnownFileType</key>
			<string>sourcecode.c.objc</string>
			<key>path</key>
			<string>DragColorView.m</string>
			<key>sourceTree</key>
			<string>&lt;group&gt;</string>
		</dict>
		<key>99C696381A251694007517F1</key>
		<dict>
			<key>fileRef</key>
			<string>99C696371A251694007517F1</string>
			<key>isa</key>
			<string>PBXBuildFile</string>
		</dict>
		<key>99D594811A1C0D87001CFBED</key>
		<dict>
			<key>fileEncoding</key>
			<string>4</string>
			<key>isa</key>
			<string>PBXFileReference</string>
			<key>lastKnownFileType</key>
			<string>sourcecode.c.h</string>
			<key>name</key>
			<string>Game1ViewController.h</string>
			<key>path</key>
			<string>../Game1ViewController.h</string>
			<key>sourceTree</key>
			<string>&lt;group&gt;</string>
		</dict>
		<key>99D594821A1C0D87001CFBED</key>
		<dict>
			<key>fileEncoding</key>
			<string>4</string>
			<key>isa</key>
			<string>PBXFileReference</string>
			<key>lastKnownFileType</key>
			<string>sourcecode.c.objc</string>
			<key>name</key>
			<string>Game1ViewController.m</string>
			<key>path</key>
			<string>../Game1ViewController.m</string>
			<key>sourceTree</key>
			<string>&lt;group&gt;</string>
		</dict>
		<key>99D594831A1C0D87001CFBED</key>
		<dict>
			<key>fileRef</key>
			<string>99D594821A1C0D87001CFBED</string>
			<key>isa</key>
			<string>PBXBuildFile</string>
		</dict>
		<key>99F46EDA1A1D251500379256</key>
		<dict>
			<key>fileEncoding</key>
			<string>4</string>
			<key>isa</key>
			<string>PBXFileReference</string>
			<key>lastKnownFileType</key>
			<string>file.storyboard</string>
			<key>path</key>
			<string>Game3Storyboard.storyboard</string>
			<key>sourceTree</key>
			<string>&lt;group&gt;</string>
		</dict>
		<key>99F46EDB1A1D251500379256</key>
		<dict>
			<key>fileRef</key>
			<string>99F46EDA1A1D251500379256</string>
			<key>isa</key>
			<string>PBXBuildFile</string>
		</dict>
		<key>99F46EDC1A1D253300379256</key>
		<dict>
			<key>fileEncoding</key>
			<string>4</string>
			<key>isa</key>
			<string>PBXFileReference</string>
			<key>lastKnownFileType</key>
			<string>sourcecode.c.h</string>
			<key>name</key>
			<string>Game3ViewController.h</string>
			<key>path</key>
			<string>../Game3ViewController.h</string>
			<key>sourceTree</key>
			<string>&lt;group&gt;</string>
		</dict>
		<key>99F46EDD1A1D253300379256</key>
		<dict>
			<key>fileEncoding</key>
			<string>4</string>
			<key>isa</key>
			<string>PBXFileReference</string>
			<key>lastKnownFileType</key>
			<string>sourcecode.c.objc</string>
			<key>name</key>
			<string>Game3ViewController.m</string>
			<key>path</key>
			<string>../Game3ViewController.m</string>
			<key>sourceTree</key>
			<string>&lt;group&gt;</string>
		</dict>
		<key>99F46EDE1A1D253300379256</key>
		<dict>
			<key>fileRef</key>
			<string>99F46EDD1A1D253300379256</string>
			<key>isa</key>
			<string>PBXBuildFile</string>
		</dict>
		<key>99F46EE21A1D3E3000379256</key>
		<dict>
			<key>fileEncoding</key>
			<string>4</string>
			<key>isa</key>
			<string>PBXFileReference</string>
			<key>lastKnownFileType</key>
			<string>sourcecode.c.h</string>
			<key>name</key>
			<string>UIButton+setTag.h</string>
			<key>path</key>
			<string>../UIButton+setTag.h</string>
			<key>sourceTree</key>
			<string>&lt;group&gt;</string>
		</dict>
		<key>99F46EE31A1D3E3000379256</key>
		<dict>
			<key>fileEncoding</key>
			<string>4</string>
			<key>isa</key>
			<string>PBXFileReference</string>
			<key>lastKnownFileType</key>
			<string>sourcecode.c.objc</string>
			<key>name</key>
			<string>UIButton+setTag.m</string>
			<key>path</key>
			<string>../UIButton+setTag.m</string>
			<key>sourceTree</key>
			<string>&lt;group&gt;</string>
		</dict>
		<key>99F46EE41A1D3E3000379256</key>
		<dict>
			<key>fileRef</key>
			<string>99F46EE31A1D3E3000379256</string>
			<key>isa</key>
			<string>PBXBuildFile</string>
		</dict>
		<key>99F46EE61A1D544600379256</key>
		<dict>
			<key>fileEncoding</key>
			<string>4</string>
			<key>isa</key>
			<string>PBXFileReference</string>
			<key>lastKnownFileType</key>
			<string>sourcecode.c.h</string>
			<key>name</key>
			<string>WordLibrary.h</string>
			<key>path</key>
			<string>../WordLibrary.h</string>
			<key>sourceTree</key>
			<string>&lt;group&gt;</string>
		</dict>
		<key>99F46EE71A1D544600379256</key>
		<dict>
			<key>fileEncoding</key>
			<string>4</string>
			<key>isa</key>
			<string>PBXFileReference</string>
			<key>lastKnownFileType</key>
			<string>sourcecode.c.objc</string>
			<key>name</key>
			<string>WordLibrary.m</string>
			<key>path</key>
			<string>../WordLibrary.m</string>
			<key>sourceTree</key>
			<string>&lt;group&gt;</string>
		</dict>
		<key>99F46EE81A1D544600379256</key>
		<dict>
			<key>fileRef</key>
			<string>99F46EE71A1D544600379256</string>
			<key>isa</key>
			<string>PBXBuildFile</string>
		</dict>
		<key>99F46EE91A1D5ED100379256</key>
		<dict>
			<key>fileEncoding</key>
			<string>4</string>
			<key>isa</key>
			<string>PBXFileReference</string>
			<key>lastKnownFileType</key>
			<string>sourcecode.c.h</string>
			<key>name</key>
			<string>WordViewController.h</string>
			<key>path</key>
			<string>../WordViewController.h</string>
			<key>sourceTree</key>
			<string>&lt;group&gt;</string>
		</dict>
		<key>99F46EEA1A1D5ED100379256</key>
		<dict>
			<key>fileEncoding</key>
			<string>4</string>
			<key>isa</key>
			<string>PBXFileReference</string>
			<key>lastKnownFileType</key>
			<string>sourcecode.c.objc</string>
			<key>name</key>
			<string>WordViewController.m</string>
			<key>path</key>
			<string>../WordViewController.m</string>
			<key>sourceTree</key>
			<string>&lt;group&gt;</string>
		</dict>
		<key>99F46EEB1A1D5ED100379256</key>
		<dict>
			<key>fileRef</key>
			<string>99F46EEA1A1D5ED100379256</string>
			<key>isa</key>
			<string>PBXBuildFile</string>
		</dict>
		<key>99F46EEC1A1D5F2500379256</key>
		<dict>
			<key>fileEncoding</key>
			<string>4</string>
			<key>isa</key>
			<string>PBXFileReference</string>
			<key>lastKnownFileType</key>
			<string>file.storyboard</string>
			<key>name</key>
			<string>WordStoryboard.storyboard</string>
			<key>path</key>
			<string>../WordStoryboard.storyboard</string>
			<key>sourceTree</key>
			<string>&lt;group&gt;</string>
		</dict>
		<key>99F46EED1A1D5F2500379256</key>
		<dict>
			<key>fileRef</key>
			<string>99F46EEC1A1D5F2500379256</string>
			<key>isa</key>
			<string>PBXBuildFile</string>
		</dict>
		<key>99F46EEE1A1D64E300379256</key>
		<dict>
			<key>fileRef</key>
			<string>CAD608F11A1BD57100D2E16C</string>
			<key>isa</key>
			<string>PBXBuildFile</string>
		</dict>
		<key>99F46EEF1A1D64E800379256</key>
		<dict>
			<key>fileRef</key>
			<string>CAD608DC1A1BD57100D2E16C</string>
			<key>isa</key>
			<string>PBXBuildFile</string>
		</dict>
		<key>99F46EF01A1D64F900379256</key>
		<dict>
			<key>fileRef</key>
			<string>CAD608DD1A1BD57100D2E16C</string>
			<key>isa</key>
			<string>PBXBuildFile</string>
		</dict>
		<key>99F46EF11A1D64FE00379256</key>
		<dict>
			<key>fileRef</key>
			<string>CAD608DE1A1BD57100D2E16C</string>
			<key>isa</key>
			<string>PBXBuildFile</string>
		</dict>
		<key>99F46EF21A1D650100379256</key>
		<dict>
			<key>fileRef</key>
			<string>CAD608DF1A1BD57100D2E16C</string>
			<key>isa</key>
			<string>PBXBuildFile</string>
		</dict>
		<key>99F46EF31A1D650400379256</key>
		<dict>
			<key>fileRef</key>
			<string>CAD608E01A1BD57100D2E16C</string>
			<key>isa</key>
			<string>PBXBuildFile</string>
		</dict>
		<key>99F46EF41A1D650700379256</key>
		<dict>
			<key>fileRef</key>
			<string>CAD608E11A1BD57100D2E16C</string>
			<key>isa</key>
			<string>PBXBuildFile</string>
		</dict>
		<key>99F46EF51A1D650900379256</key>
		<dict>
			<key>fileRef</key>
			<string>CAD608E21A1BD57100D2E16C</string>
			<key>isa</key>
			<string>PBXBuildFile</string>
		</dict>
		<key>99F46EF61A1D650C00379256</key>
		<dict>
			<key>fileRef</key>
			<string>CAD608E31A1BD57100D2E16C</string>
			<key>isa</key>
			<string>PBXBuildFile</string>
		</dict>
		<key>99F46EF71A1D650E00379256</key>
		<dict>
			<key>fileRef</key>
			<string>CAD608E41A1BD57100D2E16C</string>
			<key>isa</key>
			<string>PBXBuildFile</string>
		</dict>
		<key>99F46EF81A1D651200379256</key>
		<dict>
			<key>fileRef</key>
			<string>CAD608E51A1BD57100D2E16C</string>
			<key>isa</key>
			<string>PBXBuildFile</string>
		</dict>
		<key>99F46EF91A1D651500379256</key>
		<dict>
			<key>fileRef</key>
			<string>CAD608E61A1BD57100D2E16C</string>
			<key>isa</key>
			<string>PBXBuildFile</string>
		</dict>
		<key>99F46EFA1A1D651800379256</key>
		<dict>
			<key>fileRef</key>
			<string>CAD608E71A1BD57100D2E16C</string>
			<key>isa</key>
			<string>PBXBuildFile</string>
		</dict>
		<key>99F46EFB1A1D651A00379256</key>
		<dict>
			<key>fileRef</key>
			<string>CAD608E81A1BD57100D2E16C</string>
			<key>isa</key>
			<string>PBXBuildFile</string>
		</dict>
		<key>99F46EFC1A1D652000379256</key>
		<dict>
			<key>fileRef</key>
			<string>CA60EFFB1A1BE132001DC1D2</string>
			<key>isa</key>
			<string>PBXBuildFile</string>
		</dict>
		<key>99F46EFD1A1D654700379256</key>
		<dict>
			<key>fileRef</key>
			<string>CAD608E91A1BD57100D2E16C</string>
			<key>isa</key>
			<string>PBXBuildFile</string>
		</dict>
		<key>99F46EFE1A1D654900379256</key>
		<dict>
			<key>fileRef</key>
			<string>CAD608EA1A1BD57100D2E16C</string>
			<key>isa</key>
			<string>PBXBuildFile</string>
		</dict>
		<key>99F46EFF1A1D654B00379256</key>
		<dict>
			<key>fileRef</key>
			<string>CAD608EB1A1BD57100D2E16C</string>
			<key>isa</key>
			<string>PBXBuildFile</string>
		</dict>
		<key>99F46F001A1D654F00379256</key>
		<dict>
			<key>fileRef</key>
			<string>CAD608EC1A1BD57100D2E16C</string>
			<key>isa</key>
			<string>PBXBuildFile</string>
		</dict>
		<key>99F46F011A1D655100379256</key>
		<dict>
			<key>fileRef</key>
			<string>CAD608ED1A1BD57100D2E16C</string>
			<key>isa</key>
			<string>PBXBuildFile</string>
		</dict>
		<key>99F46F021A1D655500379256</key>
		<dict>
			<key>fileRef</key>
			<string>CAD608EF1A1BD57100D2E16C</string>
			<key>isa</key>
			<string>PBXBuildFile</string>
		</dict>
		<key>99F46F031A1D655800379256</key>
		<dict>
			<key>fileRef</key>
			<string>CAD608F01A1BD57100D2E16C</string>
			<key>isa</key>
			<string>PBXBuildFile</string>
		</dict>
		<key>99F46F041A1D655B00379256</key>
		<dict>
			<key>fileRef</key>
			<string>CAD608F21A1BD57100D2E16C</string>
			<key>isa</key>
			<string>PBXBuildFile</string>
		</dict>
		<key>99F46F051A1D655D00379256</key>
		<dict>
			<key>fileRef</key>
			<string>CAD608F31A1BD57100D2E16C</string>
			<key>isa</key>
			<string>PBXBuildFile</string>
		</dict>
		<key>99F46F061A1D655F00379256</key>
		<dict>
			<key>fileRef</key>
			<string>CAD608F41A1BD57100D2E16C</string>
			<key>isa</key>
			<string>PBXBuildFile</string>
		</dict>
		<key>99F46F071A1D656100379256</key>
		<dict>
			<key>fileRef</key>
			<string>CAD608F51A1BD57100D2E16C</string>
			<key>isa</key>
			<string>PBXBuildFile</string>
		</dict>
		<key>99F46F081A1D656300379256</key>
		<dict>
			<key>fileRef</key>
			<string>CAD608F61A1BD57100D2E16C</string>
			<key>isa</key>
			<string>PBXBuildFile</string>
		</dict>
		<key>99F46F091A1D656500379256</key>
		<dict>
			<key>fileRef</key>
			<string>CAD608F71A1BD57100D2E16C</string>
			<key>isa</key>
			<string>PBXBuildFile</string>
		</dict>
		<key>99F46F0A1A1D656700379256</key>
		<dict>
			<key>fileRef</key>
			<string>CAD608F81A1BD57100D2E16C</string>
			<key>isa</key>
			<string>PBXBuildFile</string>
		</dict>
		<key>99F46F0B1A1D656900379256</key>
		<dict>
			<key>fileRef</key>
			<string>CAD608F91A1BD57100D2E16C</string>
			<key>isa</key>
			<string>PBXBuildFile</string>
		</dict>
		<key>99F46F0C1A1D656D00379256</key>
		<dict>
			<key>fileRef</key>
			<string>CAD608FA1A1BD57100D2E16C</string>
			<key>isa</key>
			<string>PBXBuildFile</string>
		</dict>
		<key>99F46F0D1A1D656F00379256</key>
		<dict>
			<key>fileRef</key>
			<string>CAD608FB1A1BD57100D2E16C</string>
			<key>isa</key>
			<string>PBXBuildFile</string>
		</dict>
		<key>99F46F0E1A1D657200379256</key>
		<dict>
			<key>fileRef</key>
			<string>CAD608FC1A1BD57100D2E16C</string>
			<key>isa</key>
			<string>PBXBuildFile</string>
		</dict>
		<key>99F46F0F1A1D657400379256</key>
		<dict>
			<key>fileRef</key>
			<string>CAD608FD1A1BD57100D2E16C</string>
			<key>isa</key>
			<string>PBXBuildFile</string>
		</dict>
		<key>99F46F101A1D657600379256</key>
		<dict>
			<key>fileRef</key>
			<string>CAD608FE1A1BD57100D2E16C</string>
			<key>isa</key>
			<string>PBXBuildFile</string>
		</dict>
		<key>99F46F111A1D657A00379256</key>
		<dict>
			<key>fileRef</key>
			<string>CAD608FF1A1BD57100D2E16C</string>
			<key>isa</key>
			<string>PBXBuildFile</string>
		</dict>
		<key>99F46F121A1D657C00379256</key>
		<dict>
			<key>fileRef</key>
			<string>CAD609001A1BD57100D2E16C</string>
			<key>isa</key>
			<string>PBXBuildFile</string>
		</dict>
		<key>99F46F131A1D657F00379256</key>
		<dict>
			<key>fileRef</key>
			<string>CAD609011A1BD57100D2E16C</string>
			<key>isa</key>
			<string>PBXBuildFile</string>
		</dict>
		<key>99F46F141A1D658100379256</key>
		<dict>
			<key>fileRef</key>
			<string>CAD609021A1BD57100D2E16C</string>
			<key>isa</key>
			<string>PBXBuildFile</string>
		</dict>
		<key>99F46F151A1D658300379256</key>
		<dict>
			<key>fileRef</key>
			<string>CAD609031A1BD57100D2E16C</string>
			<key>isa</key>
			<string>PBXBuildFile</string>
		</dict>
		<key>99F46F161A1D658500379256</key>
		<dict>
			<key>fileRef</key>
			<string>CAD609041A1BD57100D2E16C</string>
			<key>isa</key>
			<string>PBXBuildFile</string>
		</dict>
		<key>99F46F171A1D658700379256</key>
		<dict>
			<key>fileRef</key>
			<string>CAD609051A1BD57100D2E16C</string>
			<key>isa</key>
			<string>PBXBuildFile</string>
		</dict>
		<key>99F46F181A1D658900379256</key>
		<dict>
			<key>fileRef</key>
			<string>CAD609061A1BD57100D2E16C</string>
			<key>isa</key>
			<string>PBXBuildFile</string>
		</dict>
		<key>99F46F191A1D658B00379256</key>
		<dict>
			<key>fileRef</key>
			<string>CAD609071A1BD57100D2E16C</string>
			<key>isa</key>
			<string>PBXBuildFile</string>
		</dict>
		<key>99F46F1A1A1D658D00379256</key>
		<dict>
			<key>fileRef</key>
			<string>CAD609081A1BD57100D2E16C</string>
			<key>isa</key>
			<string>PBXBuildFile</string>
		</dict>
		<key>99F46F1B1A1D658F00379256</key>
		<dict>
			<key>fileRef</key>
			<string>CAD609091A1BD57100D2E16C</string>
			<key>isa</key>
			<string>PBXBuildFile</string>
		</dict>
		<key>99F46F1C1A1D659100379256</key>
		<dict>
			<key>fileRef</key>
			<string>CAD6090A1A1BD57100D2E16C</string>
			<key>isa</key>
			<string>PBXBuildFile</string>
		</dict>
		<key>99F46F1D1A1D659300379256</key>
		<dict>
			<key>fileRef</key>
			<string>CAD6090B1A1BD57100D2E16C</string>
			<key>isa</key>
			<string>PBXBuildFile</string>
		</dict>
		<key>99F46F1E1A1D6A8700379256</key>
		<dict>
			<key>fileEncoding</key>
			<string>4</string>
			<key>isa</key>
			<string>PBXFileReference</string>
			<key>lastKnownFileType</key>
			<string>text.plist.xml</string>
			<key>path</key>
			<string>Word.plist</string>
			<key>sourceTree</key>
			<string>&lt;group&gt;</string>
		</dict>
		<key>99F46F1F1A1D6A8700379256</key>
		<dict>
			<key>fileRef</key>
			<string>99F46F1E1A1D6A8700379256</string>
			<key>isa</key>
			<string>PBXBuildFile</string>
		</dict>
		<key>99F46F201A1D8D5400379256</key>
		<dict>
			<key>children</key>
			<array>
				<string>99F46F4A1A1FE40B00379256</string>
				<string>99F46F4B1A1FE40B00379256</string>
				<string>99F46F4C1A1FE40B00379256</string>
				<string>99F46F4D1A1FE40B00379256</string>
				<string>99F46F4E1A1FE40B00379256</string>
				<string>99F46F4F1A1FE40B00379256</string>
				<string>99F46F501A1FE40B00379256</string>
				<string>99F46F511A1FE40B00379256</string>
				<string>99F46F521A1FE40B00379256</string>
				<string>99F46F531A1FE40B00379256</string>
				<string>99F46F541A1FE40B00379256</string>
				<string>99F46F551A1FE40B00379256</string>
				<string>99F46F561A1FE40B00379256</string>
				<string>99F46F571A1FE40B00379256</string>
				<string>99F46F581A1FE40B00379256</string>
				<string>99F46F591A1FE40B00379256</string>
				<string>99F46F211A1D8D6100379256</string>
				<string>99F46F221A1D8D6100379256</string>
				<string>99F46F231A1D8D6100379256</string>
				<string>99F46F241A1D8D6100379256</string>
				<string>99F46F251A1D8D6100379256</string>
				<string>99F46F261A1D8D6100379256</string>
				<string>99F46F271A1D8D6100379256</string>
				<string>99F46F281A1D8D6100379256</string>
				<string>99F46F291A1D8D6100379256</string>
				<string>99F46F2A1A1D8D6100379256</string>
				<string>99F46F2B1A1D8D6100379256</string>
				<string>99F46F2C1A1D8D6100379256</string>
				<string>99F46F2D1A1D8D6100379256</string>
			</array>
			<key>isa</key>
			<string>PBXGroup</string>
			<key>name</key>
			<string>Words</string>
			<key>sourceTree</key>
			<string>&lt;group&gt;</string>
		</dict>
		<key>99F46F211A1D8D6100379256</key>
		<dict>
			<key>isa</key>
			<string>PBXFileReference</string>
			<key>lastKnownFileType</key>
			<string>file</string>
			<key>path</key>
			<string>book.caf</string>
			<key>sourceTree</key>
			<string>&lt;group&gt;</string>
		</dict>
		<key>99F46F221A1D8D6100379256</key>
		<dict>
			<key>isa</key>
			<string>PBXFileReference</string>
			<key>lastKnownFileType</key>
			<string>file</string>
			<key>path</key>
			<string>choice.caf</string>
			<key>sourceTree</key>
			<string>&lt;group&gt;</string>
		</dict>
		<key>99F46F231A1D8D6100379256</key>
		<dict>
			<key>isa</key>
			<string>PBXFileReference</string>
			<key>lastKnownFileType</key>
			<string>file</string>
			<key>path</key>
			<string>cough.caf</string>
			<key>sourceTree</key>
			<string>&lt;group&gt;</string>
		</dict>
		<key>99F46F241A1D8D6100379256</key>
		<dict>
			<key>isa</key>
			<string>PBXFileReference</string>
			<key>lastKnownFileType</key>
			<string>file</string>
			<key>path</key>
			<string>day.caf</string>
			<key>sourceTree</key>
			<string>&lt;group&gt;</string>
		</dict>
		<key>99F46F251A1D8D6100379256</key>
		<dict>
			<key>isa</key>
			<string>PBXFileReference</string>
			<key>lastKnownFileType</key>
			<string>file</string>
			<key>path</key>
			<string>demo.caf</string>
			<key>sourceTree</key>
			<string>&lt;group&gt;</string>
		</dict>
		<key>99F46F261A1D8D6100379256</key>
		<dict>
			<key>isa</key>
			<string>PBXFileReference</string>
			<key>lastKnownFileType</key>
			<string>file</string>
			<key>path</key>
			<string>egg.caf</string>
			<key>sourceTree</key>
			<string>&lt;group&gt;</string>
		</dict>
		<key>99F46F271A1D8D6100379256</key>
		<dict>
			<key>isa</key>
			<string>PBXFileReference</string>
			<key>lastKnownFileType</key>
			<string>file</string>
			<key>path</key>
			<string>father.caf</string>
			<key>sourceTree</key>
			<string>&lt;group&gt;</string>
		</dict>
		<key>99F46F281A1D8D6100379256</key>
		<dict>
			<key>isa</key>
			<string>PBXFileReference</string>
			<key>lastKnownFileType</key>
			<string>file</string>
			<key>path</key>
			<string>labs.caf</string>
			<key>sourceTree</key>
			<string>&lt;group&gt;</string>
		</dict>
		<key>99F46F291A1D8D6100379256</key>
		<dict>
			<key>isa</key>
			<string>PBXFileReference</string>
			<key>lastKnownFileType</key>
			<string>file</string>
			<key>path</key>
			<string>lighthouse.caf</string>
			<key>sourceTree</key>
			<string>&lt;group&gt;</string>
		</dict>
		<key>99F46F2A1A1D8D6100379256</key>
		<dict>
			<key>isa</key>
			<string>PBXFileReference</string>
			<key>lastKnownFileType</key>
			<string>file</string>
			<key>path</key>
			<string>north.caf</string>
			<key>sourceTree</key>
			<string>&lt;group&gt;</string>
		</dict>
		<key>99F46F2B1A1D8D6100379256</key>
		<dict>
			<key>isa</key>
			<string>PBXFileReference</string>
			<key>lastKnownFileType</key>
			<string>file</string>
			<key>path</key>
			<string>shoe.caf</string>
			<key>sourceTree</key>
			<string>&lt;group&gt;</string>
		</dict>
		<key>99F46F2C1A1D8D6100379256</key>
		<dict>
			<key>isa</key>
			<string>PBXFileReference</string>
			<key>lastKnownFileType</key>
			<string>file</string>
			<key>path</key>
			<string>team.caf</string>
			<key>sourceTree</key>
			<string>&lt;group&gt;</string>
		</dict>
		<key>99F46F2D1A1D8D6100379256</key>
		<dict>
			<key>isa</key>
			<string>PBXFileReference</string>
			<key>lastKnownFileType</key>
			<string>file</string>
			<key>path</key>
			<string>zipper.caf</string>
			<key>sourceTree</key>
			<string>&lt;group&gt;</string>
		</dict>
		<key>99F46F2E1A1D90E200379256</key>
		<dict>
			<key>fileRef</key>
			<string>99F46F211A1D8D6100379256</string>
			<key>isa</key>
			<string>PBXBuildFile</string>
		</dict>
		<key>99F46F2F1A1D90E400379256</key>
		<dict>
			<key>fileRef</key>
			<string>99F46F221A1D8D6100379256</string>
			<key>isa</key>
			<string>PBXBuildFile</string>
		</dict>
		<key>99F46F301A1D90E600379256</key>
		<dict>
			<key>fileRef</key>
			<string>99F46F231A1D8D6100379256</string>
			<key>isa</key>
			<string>PBXBuildFile</string>
		</dict>
		<key>99F46F311A1D90E900379256</key>
		<dict>
			<key>fileRef</key>
			<string>99F46F241A1D8D6100379256</string>
			<key>isa</key>
			<string>PBXBuildFile</string>
		</dict>
		<key>99F46F321A1D90EB00379256</key>
		<dict>
			<key>fileRef</key>
			<string>99F46F251A1D8D6100379256</string>
			<key>isa</key>
			<string>PBXBuildFile</string>
		</dict>
		<key>99F46F331A1D90ED00379256</key>
		<dict>
			<key>fileRef</key>
			<string>99F46F261A1D8D6100379256</string>
			<key>isa</key>
			<string>PBXBuildFile</string>
		</dict>
		<key>99F46F341A1D90EF00379256</key>
		<dict>
			<key>fileRef</key>
			<string>99F46F271A1D8D6100379256</string>
			<key>isa</key>
			<string>PBXBuildFile</string>
		</dict>
		<key>99F46F351A1D90F100379256</key>
		<dict>
			<key>fileRef</key>
			<string>99F46F281A1D8D6100379256</string>
			<key>isa</key>
			<string>PBXBuildFile</string>
		</dict>
		<key>99F46F361A1D90F300379256</key>
		<dict>
			<key>fileRef</key>
			<string>99F46F291A1D8D6100379256</string>
			<key>isa</key>
			<string>PBXBuildFile</string>
		</dict>
		<key>99F46F371A1D90F500379256</key>
		<dict>
			<key>fileRef</key>
			<string>99F46F2A1A1D8D6100379256</string>
			<key>isa</key>
			<string>PBXBuildFile</string>
		</dict>
		<key>99F46F381A1D90F700379256</key>
		<dict>
			<key>fileRef</key>
			<string>99F46F2B1A1D8D6100379256</string>
			<key>isa</key>
			<string>PBXBuildFile</string>
		</dict>
		<key>99F46F391A1D90F900379256</key>
		<dict>
			<key>fileRef</key>
			<string>99F46F2C1A1D8D6100379256</string>
			<key>isa</key>
			<string>PBXBuildFile</string>
		</dict>
		<key>99F46F3A1A1D90FB00379256</key>
		<dict>
			<key>fileRef</key>
			<string>99F46F2D1A1D8D6100379256</string>
			<key>isa</key>
			<string>PBXBuildFile</string>
		</dict>
		<key>99F46F3E1A1E927800379256</key>
		<dict>
			<key>fileEncoding</key>
			<string>4</string>
			<key>isa</key>
			<string>PBXFileReference</string>
			<key>lastKnownFileType</key>
			<string>sourcecode.c.h</string>
			<key>name</key>
			<string>DragGameViewController.h</string>
			<key>path</key>
			<string>../DragGameViewController.h</string>
			<key>sourceTree</key>
			<string>&lt;group&gt;</string>
		</dict>
		<key>99F46F3F1A1E927800379256</key>
		<dict>
			<key>fileEncoding</key>
			<string>4</string>
			<key>isa</key>
			<string>PBXFileReference</string>
			<key>lastKnownFileType</key>
			<string>sourcecode.c.objc</string>
			<key>name</key>
			<string>DragGameViewController.m</string>
			<key>path</key>
			<string>../DragGameViewController.m</string>
			<key>sourceTree</key>
			<string>&lt;group&gt;</string>
		</dict>
		<key>99F46F401A1E927800379256</key>
		<dict>
			<key>fileRef</key>
			<string>99F46F3F1A1E927800379256</string>
			<key>isa</key>
			<string>PBXBuildFile</string>
		</dict>
		<key>99F46F411A1E928800379256</key>
		<dict>
			<key>fileEncoding</key>
			<string>4</string>
			<key>isa</key>
			<string>PBXFileReference</string>
			<key>lastKnownFileType</key>
			<string>file.storyboard</string>
			<key>name</key>
			<string>DragGameStoryboard.storyboard</string>
			<key>path</key>
			<string>../DragGameStoryboard.storyboard</string>
			<key>sourceTree</key>
			<string>&lt;group&gt;</string>
		</dict>
		<key>99F46F421A1E928800379256</key>
		<dict>
			<key>fileRef</key>
			<string>99F46F411A1E928800379256</string>
			<key>isa</key>
			<string>PBXBuildFile</string>
		</dict>
		<key>99F46F431A1EA5D700379256</key>
		<dict>
			<key>fileEncoding</key>
			<string>4</string>
			<key>isa</key>
			<string>PBXFileReference</string>
			<key>lastKnownFileType</key>
			<string>sourcecode.c.h</string>
			<key>name</key>
			<string>Util.h</string>
			<key>path</key>
			<string>../Util.h</string>
			<key>sourceTree</key>
			<string>&lt;group&gt;</string>
		</dict>
		<key>99F46F441A1EA5D700379256</key>
		<dict>
			<key>fileEncoding</key>
			<string>4</string>
			<key>isa</key>
			<string>PBXFileReference</string>
			<key>lastKnownFileType</key>
			<string>sourcecode.c.objc</string>
			<key>name</key>
			<string>Util.m</string>
			<key>path</key>
			<string>../Util.m</string>
			<key>sourceTree</key>
			<string>&lt;group&gt;</string>
		</dict>
		<key>99F46F451A1EA5D700379256</key>
		<dict>
			<key>fileRef</key>
			<string>99F46F441A1EA5D700379256</string>
			<key>isa</key>
			<string>PBXBuildFile</string>
		</dict>
		<key>99F46F461A1ED82A00379256</key>
		<dict>
			<key>children</key>
			<array>
				<string>99885C591A1A921A0043D837</string>
				<string>99885C5A1A1A921A0043D837</string>
				<string>99D594811A1C0D87001CFBED</string>
				<string>99D594821A1C0D87001CFBED</string>
				<string>CA60EFFE1A1D21F9001DC1D2</string>
				<string>CA60EFFF1A1D21F9001DC1D2</string>
				<string>99F46EDC1A1D253300379256</string>
				<string>99F46EDD1A1D253300379256</string>
				<string>99F46F3E1A1E927800379256</string>
				<string>99F46F3F1A1E927800379256</string>
				<string>99F46EE91A1D5ED100379256</string>
				<string>99F46EEA1A1D5ED100379256</string>
				<string>CA60F0421A1FEFCD001DC1D2</string>
				<string>CA60F0431A1FEFCD001DC1D2</string>
				<string>99F46F481A1ED85300379256</string>
			</array>
			<key>isa</key>
			<string>PBXGroup</string>
			<key>name</key>
			<string>View Controllers</string>
			<key>sourceTree</key>
			<string>&lt;group&gt;</string>
		</dict>
		<key>99F46F471A1ED83F00379256</key>
		<dict>
			<key>children</key>
			<array>
				<string>99885C5C1A1A921A0043D837</string>
				<string>99F46F411A1E928800379256</string>
				<string>CA60EFFC1A1D21CB001DC1D2</string>
				<string>99F46EDA1A1D251500379256</string>
				<string>99F46EEC1A1D5F2500379256</string>
				<string>CA60F0401A1FEFC0001DC1D2</string>
			</array>
			<key>isa</key>
			<string>PBXGroup</string>
			<key>name</key>
			<string>Storyboards</string>
			<key>sourceTree</key>
			<string>&lt;group&gt;</string>
		</dict>
		<key>99F46F481A1ED85300379256</key>
		<dict>
			<key>children</key>
			<array>
				<string>99885C7E1A1AA9690043D837</string>
				<string>99885C7F1A1AA9690043D837</string>
				<string>99885C7B1A1AA95F0043D837</string>
				<string>99885C7C1A1AA95F0043D837</string>
				<string>99A118D11A26615A002C9E74</string>
				<string>99A118D21A26615A002C9E74</string>
				<string>9915F4E51A1B0E15008A0354</string>
				<string>9915F4E61A1B0E15008A0354</string>
				<string>99F46EE21A1D3E3000379256</string>
				<string>99F46EE31A1D3E3000379256</string>
				<string>99A118CB1A265A3D002C9E74</string>
				<string>99A118CC1A265A3D002C9E74</string>
				<string>99C696361A251694007517F1</string>
				<string>99C696371A251694007517F1</string>
			</array>
			<key>isa</key>
			<string>PBXGroup</string>
			<key>name</key>
			<string>Cells and Views</string>
			<key>sourceTree</key>
			<string>&lt;group&gt;</string>
		</dict>
		<key>99F46F491A1ED86500379256</key>
		<dict>
			<key>children</key>
			<array>
				<string>99F46F431A1EA5D700379256</string>
				<string>99F46F441A1EA5D700379256</string>
				<string>CAE9A5B31A1AD32400898AC3</string>
				<string>CAE9A5B41A1AD32400898AC3</string>
				<string>CAE9A5B51A1AD32400898AC3</string>
				<string>CAE9A5B61A1AD32400898AC3</string>
				<string>99F46EE61A1D544600379256</string>
				<string>99F46EE71A1D544600379256</string>
				<string>99F46F1E1A1D6A8700379256</string>
				<string>CAE9A5B91A1AD34400898AC3</string>
				<string>CAE9A5BA1A1AD34400898AC3</string>
				<string>CAE9A5BB1A1AD34400898AC3</string>
				<string>CAE9A5BC1A1AD34400898AC3</string>
			</array>
			<key>isa</key>
			<string>PBXGroup</string>
			<key>name</key>
			<string>Data Model</string>
			<key>sourceTree</key>
			<string>&lt;group&gt;</string>
		</dict>
		<key>99F46F4A1A1FE40B00379256</key>
		<dict>
			<key>isa</key>
			<string>PBXFileReference</string>
			<key>lastKnownFileType</key>
			<string>file</string>
			<key>path</key>
			<string>bus.caf</string>
			<key>sourceTree</key>
			<string>&lt;group&gt;</string>
		</dict>
		<key>99F46F4B1A1FE40B00379256</key>
		<dict>
			<key>isa</key>
			<string>PBXFileReference</string>
			<key>lastKnownFileType</key>
			<string>file</string>
			<key>path</key>
			<string>comma.caf</string>
			<key>sourceTree</key>
			<string>&lt;group&gt;</string>
		</dict>
		<key>99F46F4C1A1FE40B00379256</key>
		<dict>
			<key>isa</key>
			<string>PBXFileReference</string>
			<key>lastKnownFileType</key>
			<string>file</string>
			<key>path</key>
			<string>happy.caf</string>
			<key>sourceTree</key>
			<string>&lt;group&gt;</string>
		</dict>
		<key>99F46F4D1A1FE40B00379256</key>
		<dict>
			<key>isa</key>
			<string>PBXFileReference</string>
			<key>lastKnownFileType</key>
			<string>file</string>
			<key>path</key>
			<string>influence.caf</string>
			<key>sourceTree</key>
			<string>&lt;group&gt;</string>
		</dict>
		<key>99F46F4E1A1FE40B00379256</key>
		<dict>
			<key>isa</key>
			<string>PBXFileReference</string>
			<key>lastKnownFileType</key>
			<string>file</string>
			<key>path</key>
			<string>merry.caf</string>
			<key>sourceTree</key>
			<string>&lt;group&gt;</string>
		</dict>
		<key>99F46F4F1A1FE40B00379256</key>
		<dict>
			<key>isa</key>
			<string>PBXFileReference</string>
			<key>lastKnownFileType</key>
			<string>file</string>
			<key>path</key>
			<string>mirror.caf</string>
			<key>sourceTree</key>
			<string>&lt;group&gt;</string>
		</dict>
		<key>99F46F501A1FE40B00379256</key>
		<dict>
			<key>isa</key>
			<string>PBXFileReference</string>
			<key>lastKnownFileType</key>
			<string>file</string>
			<key>path</key>
			<string>mouse.caf</string>
			<key>sourceTree</key>
			<string>&lt;group&gt;</string>
		</dict>
		<key>99F46F511A1FE40B00379256</key>
		<dict>
			<key>isa</key>
			<string>PBXFileReference</string>
			<key>lastKnownFileType</key>
			<string>file</string>
			<key>path</key>
			<string>nurse.caf</string>
			<key>sourceTree</key>
			<string>&lt;group&gt;</string>
		</dict>
		<key>99F46F521A1FE40B00379256</key>
		<dict>
			<key>isa</key>
			<string>PBXFileReference</string>
			<key>lastKnownFileType</key>
			<string>file</string>
			<key>path</key>
			<string>page.caf</string>
			<key>sourceTree</key>
			<string>&lt;group&gt;</string>
		</dict>
		<key>99F46F531A1FE40B00379256</key>
		<dict>
			<key>isa</key>
			<string>PBXFileReference</string>
			<key>lastKnownFileType</key>
			<string>file</string>
			<key>path</key>
			<string>price.caf</string>
			<key>sourceTree</key>
			<string>&lt;group&gt;</string>
		</dict>
		<key>99F46F541A1FE40B00379256</key>
		<dict>
			<key>isa</key>
			<string>PBXFileReference</string>
			<key>lastKnownFileType</key>
			<string>file</string>
			<key>path</key>
			<string>sing.caf</string>
			<key>sourceTree</key>
			<string>&lt;group&gt;</string>
		</dict>
		<key>99F46F551A1FE40B00379256</key>
		<dict>
			<key>isa</key>
			<string>PBXFileReference</string>
			<key>lastKnownFileType</key>
			<string>file</string>
			<key>path</key>
			<string>star.caf</string>
			<key>sourceTree</key>
			<string>&lt;group&gt;</string>
		</dict>
		<key>99F46F561A1FE40B00379256</key>
		<dict>
			<key>isa</key>
			<string>PBXFileReference</string>
			<key>lastKnownFileType</key>
			<string>file</string>
			<key>path</key>
			<string>tour.caf</string>
			<key>sourceTree</key>
			<string>&lt;group&gt;</string>
		</dict>
		<key>99F46F571A1FE40B00379256</key>
		<dict>
			<key>isa</key>
			<string>PBXFileReference</string>
			<key>lastKnownFileType</key>
			<string>file</string>
			<key>path</key>
			<string>vision.caf</string>
			<key>sourceTree</key>
			<string>&lt;group&gt;</string>
		</dict>
		<key>99F46F581A1FE40B00379256</key>
		<dict>
			<key>isa</key>
			<string>PBXFileReference</string>
			<key>lastKnownFileType</key>
			<string>file</string>
			<key>path</key>
			<string>water.caf</string>
			<key>sourceTree</key>
			<string>&lt;group&gt;</string>
		</dict>
		<key>99F46F591A1FE40B00379256</key>
		<dict>
			<key>isa</key>
			<string>PBXFileReference</string>
			<key>lastKnownFileType</key>
			<string>file</string>
			<key>path</key>
			<string>you.caf</string>
			<key>sourceTree</key>
			<string>&lt;group&gt;</string>
		</dict>
		<key>99F46F5A1A20063F00379256</key>
		<dict>
			<key>fileRef</key>
			<string>99F46F4A1A1FE40B00379256</string>
			<key>isa</key>
			<string>PBXBuildFile</string>
		</dict>
		<key>99F46F5B1A20064100379256</key>
		<dict>
			<key>fileRef</key>
			<string>99F46F4B1A1FE40B00379256</string>
			<key>isa</key>
			<string>PBXBuildFile</string>
		</dict>
		<key>99F46F5C1A20064300379256</key>
		<dict>
			<key>fileRef</key>
			<string>99F46F4C1A1FE40B00379256</string>
			<key>isa</key>
			<string>PBXBuildFile</string>
		</dict>
		<key>99F46F5D1A20064500379256</key>
		<dict>
			<key>fileRef</key>
			<string>99F46F4D1A1FE40B00379256</string>
			<key>isa</key>
			<string>PBXBuildFile</string>
		</dict>
		<key>99F46F5E1A20064700379256</key>
		<dict>
			<key>fileRef</key>
			<string>99F46F4E1A1FE40B00379256</string>
			<key>isa</key>
			<string>PBXBuildFile</string>
		</dict>
		<key>99F46F5F1A20064900379256</key>
		<dict>
			<key>fileRef</key>
			<string>99F46F4F1A1FE40B00379256</string>
			<key>isa</key>
			<string>PBXBuildFile</string>
		</dict>
		<key>99F46F601A20064B00379256</key>
		<dict>
			<key>fileRef</key>
			<string>99F46F501A1FE40B00379256</string>
			<key>isa</key>
			<string>PBXBuildFile</string>
		</dict>
		<key>99F46F611A20064D00379256</key>
		<dict>
			<key>fileRef</key>
			<string>99F46F511A1FE40B00379256</string>
			<key>isa</key>
			<string>PBXBuildFile</string>
		</dict>
		<key>99F46F621A20065000379256</key>
		<dict>
			<key>fileRef</key>
			<string>99F46F521A1FE40B00379256</string>
			<key>isa</key>
			<string>PBXBuildFile</string>
		</dict>
		<key>99F46F631A20065300379256</key>
		<dict>
			<key>fileRef</key>
			<string>99F46F531A1FE40B00379256</string>
			<key>isa</key>
			<string>PBXBuildFile</string>
		</dict>
		<key>99F46F641A20065500379256</key>
		<dict>
			<key>fileRef</key>
			<string>99F46F541A1FE40B00379256</string>
			<key>isa</key>
			<string>PBXBuildFile</string>
		</dict>
		<key>99F46F651A20065700379256</key>
		<dict>
			<key>fileRef</key>
			<string>99F46F551A1FE40B00379256</string>
			<key>isa</key>
			<string>PBXBuildFile</string>
		</dict>
		<key>99F46F661A20065900379256</key>
		<dict>
			<key>fileRef</key>
			<string>99F46F561A1FE40B00379256</string>
			<key>isa</key>
			<string>PBXBuildFile</string>
		</dict>
		<key>99F46F671A20065B00379256</key>
		<dict>
			<key>fileRef</key>
			<string>99F46F571A1FE40B00379256</string>
			<key>isa</key>
			<string>PBXBuildFile</string>
		</dict>
		<key>99F46F681A20065C00379256</key>
		<dict>
			<key>fileRef</key>
			<string>99F46F581A1FE40B00379256</string>
			<key>isa</key>
			<string>PBXBuildFile</string>
		</dict>
		<key>99F46F691A20065E00379256</key>
		<dict>
			<key>fileRef</key>
			<string>99F46F591A1FE40B00379256</string>
			<key>isa</key>
			<string>PBXBuildFile</string>
		</dict>
		<key>9E8CCFB15D7ADAEDA3E623C1</key>
		<dict>
			<key>buildActionMask</key>
			<string>2147483647</string>
			<key>files</key>
			<array/>
			<key>inputPaths</key>
			<array/>
			<key>isa</key>
			<string>PBXShellScriptBuildPhase</string>
			<key>name</key>
			<string>Check Pods Manifest.lock</string>
			<key>outputPaths</key>
			<array/>
			<key>runOnlyForDeploymentPostprocessing</key>
			<string>0</string>
			<key>shellPath</key>
			<string>/bin/sh</string>
			<key>shellScript</key>
			<string>diff "${PODS_ROOT}/../Podfile.lock" "${PODS_ROOT}/Manifest.lock" &gt; /dev/null
if [[ $? != 0 ]] ; then
    cat &lt;&lt; EOM
error: The sandbox is not in sync with the Podfile.lock. Run 'pod install' or update your CocoaPods installation.
EOM
    exit 1
fi
</string>
			<key>showEnvVarsInLog</key>
			<string>0</string>
		</dict>
		<key>AE774361947822CF697949D4</key>
		<dict>
			<key>buildActionMask</key>
			<string>2147483647</string>
			<key>files</key>
			<array/>
			<key>inputPaths</key>
			<array/>
			<key>isa</key>
			<string>PBXShellScriptBuildPhase</string>
			<key>name</key>
			<string>Copy Pods Resources</string>
			<key>outputPaths</key>
			<array/>
			<key>runOnlyForDeploymentPostprocessing</key>
			<string>0</string>
			<key>shellPath</key>
			<string>/bin/sh</string>
			<key>shellScript</key>
			<string>"${SRCROOT}/Pods/Target Support Files/Pods-ReadInRainbow/Pods-ReadInRainbow-resources.sh"
</string>
			<key>showEnvVarsInLog</key>
			<string>0</string>
		</dict>
		<key>CA60EFFB1A1BE132001DC1D2</key>
		<dict>
			<key>isa</key>
			<string>PBXFileReference</string>
			<key>lastKnownFileType</key>
			<string>file</string>
			<key>path</key>
			<string>longa.caf</string>
			<key>sourceTree</key>
			<string>&lt;group&gt;</string>
		</dict>
		<key>CA60EFFC1A1D21CB001DC1D2</key>
		<dict>
			<key>fileEncoding</key>
			<string>4</string>
			<key>isa</key>
			<string>PBXFileReference</string>
			<key>lastKnownFileType</key>
			<string>file.storyboard</string>
			<key>path</key>
			<string>Game2Storyboard.storyboard</string>
			<key>sourceTree</key>
			<string>&lt;group&gt;</string>
		</dict>
		<key>CA60EFFD1A1D21CB001DC1D2</key>
		<dict>
			<key>fileRef</key>
			<string>CA60EFFC1A1D21CB001DC1D2</string>
			<key>isa</key>
			<string>PBXBuildFile</string>
		</dict>
		<key>CA60EFFE1A1D21F9001DC1D2</key>
		<dict>
			<key>fileEncoding</key>
			<string>4</string>
			<key>isa</key>
			<string>PBXFileReference</string>
			<key>lastKnownFileType</key>
			<string>sourcecode.c.h</string>
			<key>path</key>
			<string>Game2ViewController.h</string>
			<key>sourceTree</key>
			<string>&lt;group&gt;</string>
		</dict>
		<key>CA60EFFF1A1D21F9001DC1D2</key>
		<dict>
			<key>fileEncoding</key>
			<string>4</string>
			<key>isa</key>
			<string>PBXFileReference</string>
			<key>lastKnownFileType</key>
			<string>sourcecode.c.objc</string>
			<key>path</key>
			<string>Game2ViewController.m</string>
			<key>sourceTree</key>
			<string>&lt;group&gt;</string>
		</dict>
		<key>CA60F0001A1D21F9001DC1D2</key>
		<dict>
			<key>fileRef</key>
			<string>CA60EFFF1A1D21F9001DC1D2</string>
			<key>isa</key>
			<string>PBXBuildFile</string>
		</dict>
		<key>CA60F0401A1FEFC0001DC1D2</key>
		<dict>
			<key>fileEncoding</key>
			<string>4</string>
			<key>isa</key>
			<string>PBXFileReference</string>
			<key>lastKnownFileType</key>
			<string>file.storyboard</string>
			<key>path</key>
			<string>HangmanStoryboard.storyboard</string>
			<key>sourceTree</key>
			<string>&lt;group&gt;</string>
		</dict>
		<key>CA60F0411A1FEFC0001DC1D2</key>
		<dict>
			<key>fileRef</key>
			<string>CA60F0401A1FEFC0001DC1D2</string>
			<key>isa</key>
			<string>PBXBuildFile</string>
		</dict>
		<key>CA60F0421A1FEFCD001DC1D2</key>
		<dict>
			<key>fileEncoding</key>
			<string>4</string>
			<key>isa</key>
			<string>PBXFileReference</string>
			<key>lastKnownFileType</key>
			<string>sourcecode.c.h</string>
			<key>path</key>
			<string>HangManViewController.h</string>
			<key>sourceTree</key>
			<string>&lt;group&gt;</string>
		</dict>
		<key>CA60F0431A1FEFCD001DC1D2</key>
		<dict>
			<key>fileEncoding</key>
			<string>4</string>
			<key>isa</key>
			<string>PBXFileReference</string>
			<key>lastKnownFileType</key>
			<string>sourcecode.c.objc</string>
			<key>path</key>
			<string>HangManViewController.m</string>
			<key>sourceTree</key>
			<string>&lt;group&gt;</string>
		</dict>
		<key>CA60F0441A1FEFCD001DC1D2</key>
		<dict>
			<key>fileRef</key>
			<string>CA60F0431A1FEFCD001DC1D2</string>
			<key>isa</key>
			<string>PBXBuildFile</string>
		</dict>
		<key>CAD608DC1A1BD57100D2E16C</key>
		<dict>
			<key>isa</key>
			<string>PBXFileReference</string>
			<key>lastKnownFileType</key>
			<string>file</string>
			<key>path</key>
			<string>ah.caf</string>
			<key>sourceTree</key>
			<string>&lt;group&gt;</string>
		</dict>
		<key>CAD608DD1A1BD57100D2E16C</key>
		<dict>
			<key>isa</key>
			<string>PBXFileReference</string>
			<key>lastKnownFileType</key>
			<string>file</string>
			<key>path</key>
			<string>ahh.caf</string>
			<key>sourceTree</key>
			<string>&lt;group&gt;</string>
		</dict>
		<key>CAD608DE1A1BD57100D2E16C</key>
		<dict>
			<key>isa</key>
			<string>PBXFileReference</string>
			<key>lastKnownFileType</key>
			<string>file</string>
			<key>path</key>
			<string>ar.caf</string>
			<key>sourceTree</key>
			<string>&lt;group&gt;</string>
		</dict>
		<key>CAD608DF1A1BD57100D2E16C</key>
		<dict>
			<key>isa</key>
			<string>PBXFileReference</string>
			<key>lastKnownFileType</key>
			<string>file</string>
			<key>path</key>
			<string>au.caf</string>
			<key>sourceTree</key>
			<string>&lt;group&gt;</string>
		</dict>
		<key>CAD608E01A1BD57100D2E16C</key>
		<dict>
			<key>isa</key>
			<string>PBXFileReference</string>
			<key>lastKnownFileType</key>
			<string>file</string>
			<key>path</key>
			<string>b.caf</string>
			<key>sourceTree</key>
			<string>&lt;group&gt;</string>
		</dict>
		<key>CAD608E11A1BD57100D2E16C</key>
		<dict>
			<key>isa</key>
			<string>PBXFileReference</string>
			<key>lastKnownFileType</key>
			<string>file</string>
			<key>path</key>
			<string>ch.caf</string>
			<key>sourceTree</key>
			<string>&lt;group&gt;</string>
		</dict>
		<key>CAD608E21A1BD57100D2E16C</key>
		<dict>
			<key>isa</key>
			<string>PBXFileReference</string>
			<key>lastKnownFileType</key>
			<string>file</string>
			<key>path</key>
			<string>d.caf</string>
			<key>sourceTree</key>
			<string>&lt;group&gt;</string>
		</dict>
		<key>CAD608E31A1BD57100D2E16C</key>
		<dict>
			<key>isa</key>
			<string>PBXFileReference</string>
			<key>lastKnownFileType</key>
			<string>file</string>
			<key>path</key>
			<string>eh.caf</string>
			<key>sourceTree</key>
			<string>&lt;group&gt;</string>
		</dict>
		<key>CAD608E41A1BD57100D2E16C</key>
		<dict>
			<key>isa</key>
			<string>PBXFileReference</string>
			<key>lastKnownFileType</key>
			<string>file</string>
			<key>path</key>
			<string>el.caf</string>
			<key>sourceTree</key>
			<string>&lt;group&gt;</string>
		</dict>
		<key>CAD608E51A1BD57100D2E16C</key>
		<dict>
			<key>isa</key>
			<string>PBXFileReference</string>
			<key>lastKnownFileType</key>
			<string>file</string>
			<key>path</key>
			<string>er.caf</string>
			<key>sourceTree</key>
			<string>&lt;group&gt;</string>
		</dict>
		<key>CAD608E61A1BD57100D2E16C</key>
		<dict>
			<key>isa</key>
			<string>PBXFileReference</string>
			<key>lastKnownFileType</key>
			<string>file</string>
			<key>path</key>
			<string>euh.caf</string>
			<key>sourceTree</key>
			<string>&lt;group&gt;</string>
		</dict>
		<key>CAD608E71A1BD57100D2E16C</key>
		<dict>
			<key>isa</key>
			<string>PBXFileReference</string>
			<key>lastKnownFileType</key>
			<string>file</string>
			<key>path</key>
			<string>f.caf</string>
			<key>sourceTree</key>
			<string>&lt;group&gt;</string>
		</dict>
		<key>CAD608E81A1BD57100D2E16C</key>
		<dict>
			<key>isa</key>
			<string>PBXFileReference</string>
			<key>lastKnownFileType</key>
			<string>file</string>
			<key>path</key>
			<string>g.caf</string>
			<key>sourceTree</key>
			<string>&lt;group&gt;</string>
		</dict>
		<key>CAD608E91A1BD57100D2E16C</key>
		<dict>
			<key>isa</key>
			<string>PBXFileReference</string>
			<key>lastKnownFileType</key>
			<string>file</string>
			<key>path</key>
			<string>h.caf</string>
			<key>sourceTree</key>
			<string>&lt;group&gt;</string>
		</dict>
		<key>CAD608EA1A1BD57100D2E16C</key>
		<dict>
			<key>isa</key>
			<string>PBXFileReference</string>
			<key>lastKnownFileType</key>
			<string>file</string>
			<key>path</key>
			<string>ih.caf</string>
			<key>sourceTree</key>
			<string>&lt;group&gt;</string>
		</dict>
		<key>CAD608EB1A1BD57100D2E16C</key>
		<dict>
			<key>isa</key>
			<string>PBXFileReference</string>
			<key>lastKnownFileType</key>
			<string>file</string>
			<key>path</key>
			<string>ir.caf</string>
			<key>sourceTree</key>
			<string>&lt;group&gt;</string>
		</dict>
		<key>CAD608EC1A1BD57100D2E16C</key>
		<dict>
			<key>isa</key>
			<string>PBXFileReference</string>
			<key>lastKnownFileType</key>
			<string>file</string>
			<key>path</key>
			<string>je.caf</string>
			<key>sourceTree</key>
			<string>&lt;group&gt;</string>
		</dict>
		<key>CAD608ED1A1BD57100D2E16C</key>
		<dict>
			<key>isa</key>
			<string>PBXFileReference</string>
			<key>lastKnownFileType</key>
			<string>file</string>
			<key>path</key>
			<string>k.caf</string>
			<key>sourceTree</key>
			<string>&lt;group&gt;</string>
		</dict>
		<key>CAD608EF1A1BD57100D2E16C</key>
		<dict>
			<key>isa</key>
			<string>PBXFileReference</string>
			<key>lastKnownFileType</key>
			<string>file</string>
			<key>path</key>
			<string>longe.caf</string>
			<key>sourceTree</key>
			<string>&lt;group&gt;</string>
		</dict>
		<key>CAD608F01A1BD57100D2E16C</key>
		<dict>
			<key>isa</key>
			<string>PBXFileReference</string>
			<key>lastKnownFileType</key>
			<string>file</string>
			<key>path</key>
			<string>longi.caf</string>
			<key>sourceTree</key>
			<string>&lt;group&gt;</string>
		</dict>
		<key>CAD608F11A1BD57100D2E16C</key>
		<dict>
			<key>isa</key>
			<string>PBXFileReference</string>
			<key>lastKnownFileType</key>
			<string>file</string>
			<key>path</key>
			<string>longo.caf</string>
			<key>sourceTree</key>
			<string>&lt;group&gt;</string>
		</dict>
		<key>CAD608F21A1BD57100D2E16C</key>
		<dict>
			<key>isa</key>
			<string>PBXFileReference</string>
			<key>lastKnownFileType</key>
			<string>file</string>
			<key>path</key>
			<string>m.caf</string>
			<key>sourceTree</key>
			<string>&lt;group&gt;</string>
		</dict>
		<key>CAD608F31A1BD57100D2E16C</key>
		<dict>
			<key>isa</key>
			<string>PBXFileReference</string>
			<key>lastKnownFileType</key>
			<string>file</string>
			<key>path</key>
			<string>n.caf</string>
			<key>sourceTree</key>
			<string>&lt;group&gt;</string>
		</dict>
		<key>CAD608F41A1BD57100D2E16C</key>
		<dict>
			<key>isa</key>
			<string>PBXFileReference</string>
			<key>lastKnownFileType</key>
			<string>file</string>
			<key>path</key>
			<string>ng.caf</string>
			<key>sourceTree</key>
			<string>&lt;group&gt;</string>
		</dict>
		<key>CAD608F51A1BD57100D2E16C</key>
		<dict>
			<key>isa</key>
			<string>PBXFileReference</string>
			<key>lastKnownFileType</key>
			<string>file</string>
			<key>path</key>
			<string>oo.caf</string>
			<key>sourceTree</key>
			<string>&lt;group&gt;</string>
		</dict>
		<key>CAD608F61A1BD57100D2E16C</key>
		<dict>
			<key>isa</key>
			<string>PBXFileReference</string>
			<key>lastKnownFileType</key>
			<string>file</string>
			<key>path</key>
			<string>or.caf</string>
			<key>sourceTree</key>
			<string>&lt;group&gt;</string>
		</dict>
		<key>CAD608F71A1BD57100D2E16C</key>
		<dict>
			<key>isa</key>
			<string>PBXFileReference</string>
			<key>lastKnownFileType</key>
			<string>file</string>
			<key>path</key>
			<string>our.caf</string>
			<key>sourceTree</key>
			<string>&lt;group&gt;</string>
		</dict>
		<key>CAD608F81A1BD57100D2E16C</key>
		<dict>
			<key>isa</key>
			<string>PBXFileReference</string>
			<key>lastKnownFileType</key>
			<string>file</string>
			<key>path</key>
			<string>oy.caf</string>
			<key>sourceTree</key>
			<string>&lt;group&gt;</string>
		</dict>
		<key>CAD608F91A1BD57100D2E16C</key>
		<dict>
			<key>isa</key>
			<string>PBXFileReference</string>
			<key>lastKnownFileType</key>
			<string>file</string>
			<key>path</key>
			<string>p.caf</string>
			<key>sourceTree</key>
			<string>&lt;group&gt;</string>
		</dict>
		<key>CAD608FA1A1BD57100D2E16C</key>
		<dict>
			<key>isa</key>
			<string>PBXFileReference</string>
			<key>lastKnownFileType</key>
			<string>file</string>
			<key>path</key>
			<string>r.caf</string>
			<key>sourceTree</key>
			<string>&lt;group&gt;</string>
		</dict>
		<key>CAD608FB1A1BD57100D2E16C</key>
		<dict>
			<key>isa</key>
			<string>PBXFileReference</string>
			<key>lastKnownFileType</key>
			<string>file</string>
			<key>path</key>
			<string>s.caf</string>
			<key>sourceTree</key>
			<string>&lt;group&gt;</string>
		</dict>
		<key>CAD608FC1A1BD57100D2E16C</key>
		<dict>
			<key>isa</key>
			<string>PBXFileReference</string>
			<key>lastKnownFileType</key>
			<string>file</string>
			<key>path</key>
			<string>schwa.caf</string>
			<key>sourceTree</key>
			<string>&lt;group&gt;</string>
		</dict>
		<key>CAD608FD1A1BD57100D2E16C</key>
		<dict>
			<key>isa</key>
			<string>PBXFileReference</string>
			<key>lastKnownFileType</key>
			<string>file</string>
			<key>path</key>
			<string>schwar.caf</string>
			<key>sourceTree</key>
			<string>&lt;group&gt;</string>
		</dict>
		<key>CAD608FE1A1BD57100D2E16C</key>
		<dict>
			<key>isa</key>
			<string>PBXFileReference</string>
			<key>lastKnownFileType</key>
			<string>file</string>
			<key>path</key>
			<string>sh.caf</string>
			<key>sourceTree</key>
			<string>&lt;group&gt;</string>
		</dict>
		<key>CAD608FF1A1BD57100D2E16C</key>
		<dict>
			<key>isa</key>
			<string>PBXFileReference</string>
			<key>lastKnownFileType</key>
			<string>file</string>
			<key>path</key>
			<string>t.caf</string>
			<key>sourceTree</key>
			<string>&lt;group&gt;</string>
		</dict>
		<key>CAD609001A1BD57100D2E16C</key>
		<dict>
			<key>isa</key>
			<string>PBXFileReference</string>
			<key>lastKnownFileType</key>
			<string>file</string>
			<key>path</key>
			<string>th.caf</string>
			<key>sourceTree</key>
			<string>&lt;group&gt;</string>
		</dict>
		<key>CAD609011A1BD57100D2E16C</key>
		<dict>
			<key>isa</key>
			<string>PBXFileReference</string>
			<key>lastKnownFileType</key>
			<string>file</string>
			<key>path</key>
			<string>th1.caf</string>
			<key>sourceTree</key>
			<string>&lt;group&gt;</string>
		</dict>
		<key>CAD609021A1BD57100D2E16C</key>
		<dict>
			<key>isa</key>
			<string>PBXFileReference</string>
			<key>lastKnownFileType</key>
			<string>file</string>
			<key>path</key>
			<string>thth.caf</string>
			<key>sourceTree</key>
			<string>&lt;group&gt;</string>
		</dict>
		<key>CAD609031A1BD57100D2E16C</key>
		<dict>
			<key>isa</key>
			<string>PBXFileReference</string>
			<key>lastKnownFileType</key>
			<string>file</string>
			<key>path</key>
			<string>uh.caf</string>
			<key>sourceTree</key>
			<string>&lt;group&gt;</string>
		</dict>
		<key>CAD609041A1BD57100D2E16C</key>
		<dict>
			<key>isa</key>
			<string>PBXFileReference</string>
			<key>lastKnownFileType</key>
			<string>file</string>
			<key>path</key>
			<string>ur.caf</string>
			<key>sourceTree</key>
			<string>&lt;group&gt;</string>
		</dict>
		<key>CAD609051A1BD57100D2E16C</key>
		<dict>
			<key>isa</key>
			<string>PBXFileReference</string>
			<key>lastKnownFileType</key>
			<string>file</string>
			<key>path</key>
			<string>v.caf</string>
			<key>sourceTree</key>
			<string>&lt;group&gt;</string>
		</dict>
		<key>CAD609061A1BD57100D2E16C</key>
		<dict>
			<key>isa</key>
			<string>PBXFileReference</string>
			<key>lastKnownFileType</key>
			<string>file</string>
			<key>path</key>
			<string>w.caf</string>
			<key>sourceTree</key>
			<string>&lt;group&gt;</string>
		</dict>
		<key>CAD609071A1BD57100D2E16C</key>
		<dict>
			<key>isa</key>
			<string>PBXFileReference</string>
			<key>lastKnownFileType</key>
			<string>file</string>
			<key>path</key>
			<string>weaki.caf</string>
			<key>sourceTree</key>
			<string>&lt;group&gt;</string>
		</dict>
		<key>CAD609081A1BD57100D2E16C</key>
		<dict>
			<key>isa</key>
			<string>PBXFileReference</string>
			<key>lastKnownFileType</key>
			<string>file</string>
			<key>path</key>
			<string>weaku.caf</string>
			<key>sourceTree</key>
			<string>&lt;group&gt;</string>
		</dict>
		<key>CAD609091A1BD57100D2E16C</key>
		<dict>
			<key>isa</key>
			<string>PBXFileReference</string>
			<key>lastKnownFileType</key>
			<string>file</string>
			<key>path</key>
			<string>yod.caf</string>
			<key>sourceTree</key>
			<string>&lt;group&gt;</string>
		</dict>
		<key>CAD6090A1A1BD57100D2E16C</key>
		<dict>
			<key>isa</key>
			<string>PBXFileReference</string>
			<key>lastKnownFileType</key>
			<string>file</string>
			<key>path</key>
			<string>z.caf</string>
			<key>sourceTree</key>
			<string>&lt;group&gt;</string>
		</dict>
		<key>CAD6090B1A1BD57100D2E16C</key>
		<dict>
			<key>isa</key>
			<string>PBXFileReference</string>
			<key>lastKnownFileType</key>
			<string>file</string>
			<key>path</key>
			<string>zh.caf</string>
			<key>sourceTree</key>
			<string>&lt;group&gt;</string>
		</dict>
		<key>CAE9A5B31A1AD32400898AC3</key>
		<dict>
			<key>fileEncoding</key>
			<string>4</string>
			<key>isa</key>
			<string>PBXFileReference</string>
			<key>lastKnownFileType</key>
			<string>sourcecode.c.h</string>
			<key>path</key>
			<string>Sound.h</string>
			<key>sourceTree</key>
			<string>&lt;group&gt;</string>
		</dict>
		<key>CAE9A5B41A1AD32400898AC3</key>
		<dict>
			<key>fileEncoding</key>
			<string>4</string>
			<key>isa</key>
			<string>PBXFileReference</string>
			<key>lastKnownFileType</key>
			<string>sourcecode.c.objc</string>
			<key>path</key>
			<string>Sound.m</string>
			<key>sourceTree</key>
			<string>&lt;group&gt;</string>
		</dict>
		<key>CAE9A5B51A1AD32400898AC3</key>
		<dict>
			<key>fileEncoding</key>
			<string>4</string>
			<key>isa</key>
			<string>PBXFileReference</string>
			<key>lastKnownFileType</key>
			<string>sourcecode.c.h</string>
			<key>path</key>
			<string>SoundLibrary.h</string>
			<key>sourceTree</key>
			<string>&lt;group&gt;</string>
		</dict>
		<key>CAE9A5B61A1AD32400898AC3</key>
		<dict>
			<key>fileEncoding</key>
			<string>4</string>
			<key>isa</key>
			<string>PBXFileReference</string>
			<key>lastKnownFileType</key>
			<string>sourcecode.c.objc</string>
			<key>path</key>
			<string>SoundLibrary.m</string>
			<key>sourceTree</key>
			<string>&lt;group&gt;</string>
		</dict>
		<key>CAE9A5B71A1AD32400898AC3</key>
		<dict>
			<key>fileRef</key>
			<string>CAE9A5B41A1AD32400898AC3</string>
			<key>isa</key>
			<string>PBXBuildFile</string>
		</dict>
		<key>CAE9A5B81A1AD32400898AC3</key>
		<dict>
			<key>fileRef</key>
			<string>CAE9A5B61A1AD32400898AC3</string>
			<key>isa</key>
			<string>PBXBuildFile</string>
		</dict>
		<key>CAE9A5B91A1AD34400898AC3</key>
		<dict>
			<key>fileEncoding</key>
			<string>4</string>
			<key>isa</key>
			<string>PBXFileReference</string>
			<key>lastKnownFileType</key>
			<string>sourcecode.c.h</string>
			<key>path</key>
			<string>Phoneme.h</string>
			<key>sourceTree</key>
			<string>&lt;group&gt;</string>
		</dict>
		<key>CAE9A5BA1A1AD34400898AC3</key>
		<dict>
			<key>fileEncoding</key>
			<string>4</string>
			<key>isa</key>
			<string>PBXFileReference</string>
			<key>lastKnownFileType</key>
			<string>sourcecode.c.objc</string>
			<key>path</key>
			<string>Phoneme.m</string>
			<key>sourceTree</key>
			<string>&lt;group&gt;</string>
		</dict>
		<key>CAE9A5BB1A1AD34400898AC3</key>
		<dict>
			<key>fileEncoding</key>
			<string>4</string>
			<key>isa</key>
			<string>PBXFileReference</string>
			<key>lastKnownFileType</key>
			<string>sourcecode.c.h</string>
			<key>path</key>
			<string>Word.h</string>
			<key>sourceTree</key>
			<string>&lt;group&gt;</string>
		</dict>
		<key>CAE9A5BC1A1AD34400898AC3</key>
		<dict>
			<key>fileEncoding</key>
			<string>4</string>
			<key>isa</key>
			<string>PBXFileReference</string>
			<key>lastKnownFileType</key>
			<string>sourcecode.c.objc</string>
			<key>path</key>
			<string>Word.m</string>
			<key>sourceTree</key>
			<string>&lt;group&gt;</string>
		</dict>
		<key>CAE9A5BD1A1AD34400898AC3</key>
		<dict>
			<key>fileRef</key>
			<string>CAE9A5BA1A1AD34400898AC3</string>
			<key>isa</key>
			<string>PBXBuildFile</string>
		</dict>
		<key>CAE9A5BE1A1AD34400898AC3</key>
		<dict>
			<key>fileRef</key>
			<string>CAE9A5BC1A1AD34400898AC3</string>
			<key>isa</key>
			<string>PBXBuildFile</string>
		</dict>
	</dict>
	<key>rootObject</key>
	<string>99885C471A1A921A0043D837</string>
</dict>
</plist>
